// !$*UTF8*$!
{
	archiveVersion = 1;
	classes = {
	};
	objectVersion = 56;
	objects = {

/* Begin PBXBuildFile section */
		66049D4C2AF3055E003953C5 /* AddSiteSheetView.swift in Sources */ = {isa = PBXBuildFile; fileRef = 66049D4B2AF3055E003953C5 /* AddSiteSheetView.swift */; };
		6617DA972AED679A0072DC05 /* AddSiteScreen.swift in Sources */ = {isa = PBXBuildFile; fileRef = 6617DA962AED679A0072DC05 /* AddSiteScreen.swift */; };
		6617DA992AED69C90072DC05 /* SiteScreen.swift in Sources */ = {isa = PBXBuildFile; fileRef = 6617DA982AED69C90072DC05 /* SiteScreen.swift */; };
		6617DA9B2AED6A4C0072DC05 /* SummaryScreen.swift in Sources */ = {isa = PBXBuildFile; fileRef = 6617DA9A2AED6A4C0072DC05 /* SummaryScreen.swift */; };
		6617DA9D2AED6B200072DC05 /* UITestCaseBase.swift in Sources */ = {isa = PBXBuildFile; fileRef = 6617DA9C2AED6B200072DC05 /* UITestCaseBase.swift */; };
		6617DAA02AEDC4DF0072DC05 /* NoSitesView.swift in Sources */ = {isa = PBXBuildFile; fileRef = 6617DA9F2AEDC4DF0072DC05 /* NoSitesView.swift */; };
		66180D552AF18ADB00526143 /* ProcessInfo+Testing.swift in Sources */ = {isa = PBXBuildFile; fileRef = 66180D542AF18ADB00526143 /* ProcessInfo+Testing.swift */; };
		66180D572AF18C7E00526143 /* AppDelegate.swift in Sources */ = {isa = PBXBuildFile; fileRef = 66180D562AF18C7E00526143 /* AppDelegate.swift */; };
		66180D5A2AF1A89000526143 /* AddSiteFormModel.swift in Sources */ = {isa = PBXBuildFile; fileRef = 66180D592AF1A89000526143 /* AddSiteFormModel.swift */; };
		66180D602AF1C4EE00526143 /* SiteStatusLabel.swift in Sources */ = {isa = PBXBuildFile; fileRef = 66180D5F2AF1C4EE00526143 /* SiteStatusLabel.swift */; };
		661C28DC2AFD7E4600E2042C /* SiteStatusRequestTask.swift in Sources */ = {isa = PBXBuildFile; fileRef = 661C28DB2AFD7E4600E2042C /* SiteStatusRequestTask.swift */; };
		661C28DE2AFD949700E2042C /* DetailView.swift in Sources */ = {isa = PBXBuildFile; fileRef = 661C28DD2AFD949700E2042C /* DetailView.swift */; };
		661C28E02AFDB34E00E2042C /* SiteStatusRow.swift in Sources */ = {isa = PBXBuildFile; fileRef = 661C28DF2AFDB34E00E2042C /* SiteStatusRow.swift */; };
		6643E85B2AF3D70B0030CD43 /* SummaryRow.swift in Sources */ = {isa = PBXBuildFile; fileRef = 6643E85A2AF3D70B0030CD43 /* SummaryRow.swift */; };
		6643E85E2AF3D8CA0030CD43 /* SiteNotSelectedView.swift in Sources */ = {isa = PBXBuildFile; fileRef = 6643E85D2AF3D8CA0030CD43 /* SiteNotSelectedView.swift */; };
		6643E8622AF3DB1F0030CD43 /* SiteStatusCode+Icon.swift in Sources */ = {isa = PBXBuildFile; fileRef = 6643E8612AF3DB1F0030CD43 /* SiteStatusCode+Icon.swift */; };
		6643E8642AF423560030CD43 /* SiteStatusHeaderView.swift in Sources */ = {isa = PBXBuildFile; fileRef = 6643E8632AF423560030CD43 /* SiteStatusHeaderView.swift */; };
		6661DA152AFEA16F00267392 /* UUID+SiteGroupIDs.swift in Sources */ = {isa = PBXBuildFile; fileRef = 6661DA142AFEA16F00267392 /* UUID+SiteGroupIDs.swift */; };
		666414112AFEF12C00023FC4 /* AddSiteScreen+MethodPicker.swift in Sources */ = {isa = PBXBuildFile; fileRef = 666414102AFEF12C00023FC4 /* AddSiteScreen+MethodPicker.swift */; };
		666414132AFEF29200023FC4 /* AddSiteScreen+SiteGroupPicker.swift in Sources */ = {isa = PBXBuildFile; fileRef = 666414122AFEF29200023FC4 /* AddSiteScreen+SiteGroupPicker.swift */; };
		666F36962AEB1C0500EE6D41 /* Localizable.xcstrings in Resources */ = {isa = PBXBuildFile; fileRef = 666F36952AEB1C0500EE6D41 /* Localizable.xcstrings */; };
		66A65B192AFCEF4500F57272 /* SiteStatusRequest.swift in Sources */ = {isa = PBXBuildFile; fileRef = 66A65B162AFCEF4500F57272 /* SiteStatusRequest.swift */; };
		66A65B1A2AFCEF4500F57272 /* SiteStatus.swift in Sources */ = {isa = PBXBuildFile; fileRef = 66A65B172AFCEF4500F57272 /* SiteStatus.swift */; };
		66A65B1B2AFCEF4500F57272 /* Site.swift in Sources */ = {isa = PBXBuildFile; fileRef = 66A65B182AFCEF4500F57272 /* Site.swift */; };
		66A65B572AFCF06800F57272 /* PingSchema.swift in Sources */ = {isa = PBXBuildFile; fileRef = 66A65B562AFCF06800F57272 /* PingSchema.swift */; };
		66A65B592AFCF19200F57272 /* PingModelContainer.swift in Sources */ = {isa = PBXBuildFile; fileRef = 66A65B582AFCF19200F57272 /* PingModelContainer.swift */; };
		66A65B5C2AFD20ED00F57272 /* Site+Preview.swift in Sources */ = {isa = PBXBuildFile; fileRef = 66A65B5B2AFD20ED00F57272 /* Site+Preview.swift */; };
		66A65B5F2AFD352B00F57272 /* SiteStatusCheckerService.swift in Sources */ = {isa = PBXBuildFile; fileRef = 66A65B5E2AFD352B00F57272 /* SiteStatusCheckerService.swift */; };
		66B0C05A2AF0657E00E48C58 /* SiteRow.swift in Sources */ = {isa = PBXBuildFile; fileRef = 66B0C0592AF0657E00E48C58 /* SiteRow.swift */; };
		66CC55842B02CE8B00A8C4CF /* AddSiteGroupFormModelTests.swift in Sources */ = {isa = PBXBuildFile; fileRef = 66CC55832B02CE8B00A8C4CF /* AddSiteGroupFormModelTests.swift */; };
		66CC55872B02D1F800A8C4CF /* AddSiteFormModelTests.swift in Sources */ = {isa = PBXBuildFile; fileRef = 66CC55862B02D1F800A8C4CF /* AddSiteFormModelTests.swift */; };
		66CC558B2B02DBBF00A8C4CF /* SiteStatusCodeIconTests.swift in Sources */ = {isa = PBXBuildFile; fileRef = 66CC558A2B02DBBF00A8C4CF /* SiteStatusCodeIconTests.swift */; };
		66CC558D2B02DCC900A8C4CF /* SiteStatusCode+Name.swift in Sources */ = {isa = PBXBuildFile; fileRef = 66CC558C2B02DCC900A8C4CF /* SiteStatusCode+Name.swift */; };
		66CC558F2B02DD0200A8C4CF /* SiteStatusCodeNameTests.swift in Sources */ = {isa = PBXBuildFile; fileRef = 66CC558E2B02DD0200A8C4CF /* SiteStatusCodeNameTests.swift */; };
		66CC55922B02DEE900A8C4CF /* SiteStatusRequestTaskTests.swift in Sources */ = {isa = PBXBuildFile; fileRef = 66CC55912B02DEE900A8C4CF /* SiteStatusRequestTaskTests.swift */; };
		66CC55992B02E1AC00A8C4CF /* SiteStatusRequestTask+SiteStatusRequest.swift in Sources */ = {isa = PBXBuildFile; fileRef = 66CC55982B02E1AC00A8C4CF /* SiteStatusRequestTask+SiteStatusRequest.swift */; };
		66CC559C2B02E20800A8C4CF /* SiteStatusRequestTaskMapperTests.swift in Sources */ = {isa = PBXBuildFile; fileRef = 66CC559B2B02E20800A8C4CF /* SiteStatusRequestTaskMapperTests.swift */; };
		66CC559E2B02E71300A8C4CF /* SiteStatusCheckerService.swift in Sources */ = {isa = PBXBuildFile; fileRef = 66CC559D2B02E71300A8C4CF /* SiteStatusCheckerService.swift */; };
		66CC55A12B02E94E00A8C4CF /* PingSchemeTests.swift in Sources */ = {isa = PBXBuildFile; fileRef = 66CC55A02B02E94E00A8C4CF /* PingSchemeTests.swift */; };
		66CC7BE52AEBC96A007BADF2 /* SiteView.swift in Sources */ = {isa = PBXBuildFile; fileRef = 66CC7BE42AEBC96A007BADF2 /* SiteView.swift */; };
		66CC7C242AEBD295007BADF2 /* AddSiteView.swift in Sources */ = {isa = PBXBuildFile; fileRef = 66CC7C232AEBD295007BADF2 /* AddSiteView.swift */; };
		66CC7C292AEBECD7007BADF2 /* SitesView.swift in Sources */ = {isa = PBXBuildFile; fileRef = 66CC7C282AEBECD7007BADF2 /* SitesView.swift */; };
		66CC7C2C2AEBF2A3007BADF2 /* SummaryView.swift in Sources */ = {isa = PBXBuildFile; fileRef = 66CC7C2B2AEBF2A3007BADF2 /* SummaryView.swift */; };
		66CC7C2E2AEBF310007BADF2 /* MenuItem.swift in Sources */ = {isa = PBXBuildFile; fileRef = 66CC7C2D2AEBF310007BADF2 /* MenuItem.swift */; };
		66CC7C312AEC2464007BADF2 /* Screen.swift in Sources */ = {isa = PBXBuildFile; fileRef = 66CC7C302AEC2464007BADF2 /* Screen.swift */; };
		66CC7C332AEC2488007BADF2 /* SitesScreen.swift in Sources */ = {isa = PBXBuildFile; fileRef = 66CC7C322AEC2488007BADF2 /* SitesScreen.swift */; };
		66D212462AEA905600A2C4CE /* PingApp.swift in Sources */ = {isa = PBXBuildFile; fileRef = 66D212452AEA905600A2C4CE /* PingApp.swift */; };
		66D212482AEA905600A2C4CE /* ContentView.swift in Sources */ = {isa = PBXBuildFile; fileRef = 66D212472AEA905600A2C4CE /* ContentView.swift */; };
		66D212502AEA905600A2C4CE /* Preview Assets.xcassets in Resources */ = {isa = PBXBuildFile; fileRef = 66D2124F2AEA905600A2C4CE /* Preview Assets.xcassets */; };
		66D2125A2AEA905600A2C4CE /* MenuItemTests.swift in Sources */ = {isa = PBXBuildFile; fileRef = 66D212592AEA905600A2C4CE /* MenuItemTests.swift */; };
		66D212642AEA905600A2C4CE /* ManageSitesTests.swift in Sources */ = {isa = PBXBuildFile; fileRef = 66D212632AEA905600A2C4CE /* ManageSitesTests.swift */; };
		66D212B12AEAF36100A2C4CE /* Assets.xcassets in Resources */ = {isa = PBXBuildFile; fileRef = 66D212B02AEAF36100A2C4CE /* Assets.xcassets */; };
		AF3CB76C2AFE24A1002D51EA /* PingFactory.swift in Sources */ = {isa = PBXBuildFile; fileRef = AF3CB76B2AFE24A1002D51EA /* PingFactory.swift */; };
		AF3CB76F2AFE262C002D51EA /* PingFactoryProvider.swift in Sources */ = {isa = PBXBuildFile; fileRef = AF3CB76E2AFE262C002D51EA /* PingFactoryProvider.swift */; };
		AF3CB7712AFE26DE002D51EA /* PingLiveFactory.swift in Sources */ = {isa = PBXBuildFile; fileRef = AF3CB7702AFE26DE002D51EA /* PingLiveFactory.swift */; };
		AF3CB7732AFE26EB002D51EA /* PingPreviewFactory.swift in Sources */ = {isa = PBXBuildFile; fileRef = AF3CB7722AFE26EB002D51EA /* PingPreviewFactory.swift */; };
		AF3CB7762AFE2D7B002D51EA /* URLProtocolMock.swift in Sources */ = {isa = PBXBuildFile; fileRef = AF3CB7752AFE2D7B002D51EA /* URLProtocolMock.swift */; };
		AF3CB7792AFE3648002D51EA /* UUID+SiteIDs.swift in Sources */ = {isa = PBXBuildFile; fileRef = AF3CB7782AFE3648002D51EA /* UUID+SiteIDs.swift */; };
		AF3CB77C2AFE3A0E002D51EA /* SiteStatusResult.swift in Sources */ = {isa = PBXBuildFile; fileRef = AF3CB77B2AFE3A0E002D51EA /* SiteStatusResult.swift */; };
		AF3CB77E2AFE412F002D51EA /* SiteGroup.swift in Sources */ = {isa = PBXBuildFile; fileRef = AF3CB77D2AFE412F002D51EA /* SiteGroup.swift */; };
		AF3CB7812AFE4BEA002D51EA /* AddSiteGroupSheetView.swift in Sources */ = {isa = PBXBuildFile; fileRef = AF3CB7802AFE4BEA002D51EA /* AddSiteGroupSheetView.swift */; };
		AF3CB7832AFE4C3C002D51EA /* AddSiteGroupView.swift in Sources */ = {isa = PBXBuildFile; fileRef = AF3CB7822AFE4C3C002D51EA /* AddSiteGroupView.swift */; };
		AF3CB7852AFE4CE9002D51EA /* AddSiteGroupFormModel.swift in Sources */ = {isa = PBXBuildFile; fileRef = AF3CB7842AFE4CE9002D51EA /* AddSiteGroupFormModel.swift */; };
		AF3CB7882AFE768A002D51EA /* ManageSiteGroupsSheetView.swift in Sources */ = {isa = PBXBuildFile; fileRef = AF3CB7872AFE768A002D51EA /* ManageSiteGroupsSheetView.swift */; };
		AF3CB78A2AFE7752002D51EA /* ManageSiteGroupsView.swift in Sources */ = {isa = PBXBuildFile; fileRef = AF3CB7892AFE7752002D51EA /* ManageSiteGroupsView.swift */; };
		AF3CB78C2AFE7903002D51EA /* SiteGroup+Preview.swift in Sources */ = {isa = PBXBuildFile; fileRef = AF3CB78B2AFE7903002D51EA /* SiteGroup+Preview.swift */; };
		AF3CB78E2AFE8345002D51EA /* NoSiteGroupsView.swift in Sources */ = {isa = PBXBuildFile; fileRef = AF3CB78D2AFE8345002D51EA /* NoSiteGroupsView.swift */; };
		AF3CB7902AFE9607002D51EA /* ManageSiteGroupsTests.swift in Sources */ = {isa = PBXBuildFile; fileRef = AF3CB78F2AFE9607002D51EA /* ManageSiteGroupsTests.swift */; };
		AF3CB7922AFE96E1002D51EA /* SitesScreen+ActionMenu.swift in Sources */ = {isa = PBXBuildFile; fileRef = AF3CB7912AFE96E1002D51EA /* SitesScreen+ActionMenu.swift */; };
		AF3CB7942AFE97F1002D51EA /* AddSiteGroupScreen.swift in Sources */ = {isa = PBXBuildFile; fileRef = AF3CB7932AFE97F1002D51EA /* AddSiteGroupScreen.swift */; };
		AF3CB7962AFE9821002D51EA /* ManageSiteGroupsScreen.swift in Sources */ = {isa = PBXBuildFile; fileRef = AF3CB7952AFE9821002D51EA /* ManageSiteGroupsScreen.swift */; };
		AFB237DE2B038F4C005084A9 /* SitesMenu.swift in Sources */ = {isa = PBXBuildFile; fileRef = AFB237DD2B038F4C005084A9 /* SitesMenu.swift */; };
		AFB237F02B03B751005084A9 /* InfoPlist.strings in Resources */ = {isa = PBXBuildFile; fileRef = AFB237F22B03B751005084A9 /* InfoPlist.strings */; };
		AFB237F52B03BC07005084A9 /* SiteRowContextMenu.swift in Sources */ = {isa = PBXBuildFile; fileRef = AFB237F42B03BC07005084A9 /* SiteRowContextMenu.swift */; };
		AFB237F72B03C0F1005084A9 /* SitesScreen+SiteContextMenu.swift in Sources */ = {isa = PBXBuildFile; fileRef = AFB237F62B03C0F1005084A9 /* SitesScreen+SiteContextMenu.swift */; };
		AFB237F92B03C129005084A9 /* Menu.swift in Sources */ = {isa = PBXBuildFile; fileRef = AFB237F82B03C129005084A9 /* Menu.swift */; };
		AFB237FB2B03CA86005084A9 /* ManageSiteGroupsTable.swift in Sources */ = {isa = PBXBuildFile; fileRef = AFB237FA2B03CA86005084A9 /* ManageSiteGroupsTable.swift */; };
/* End PBXBuildFile section */

/* Begin PBXContainerItemProxy section */
		66D212562AEA905600A2C4CE /* PBXContainerItemProxy */ = {
			isa = PBXContainerItemProxy;
			containerPortal = 66D2123A2AEA905600A2C4CE /* Project object */;
			proxyType = 1;
			remoteGlobalIDString = 66D212412AEA905600A2C4CE;
			remoteInfo = Ping;
		};
		66D212602AEA905600A2C4CE /* PBXContainerItemProxy */ = {
			isa = PBXContainerItemProxy;
			containerPortal = 66D2123A2AEA905600A2C4CE /* Project object */;
			proxyType = 1;
			remoteGlobalIDString = 66D212412AEA905600A2C4CE;
			remoteInfo = Ping;
		};
/* End PBXContainerItemProxy section */

/* Begin PBXFileReference section */
		66049D4B2AF3055E003953C5 /* AddSiteSheetView.swift */ = {isa = PBXFileReference; lastKnownFileType = sourcecode.swift; path = AddSiteSheetView.swift; sourceTree = "<group>"; };
		6617DA962AED679A0072DC05 /* AddSiteScreen.swift */ = {isa = PBXFileReference; lastKnownFileType = sourcecode.swift; path = AddSiteScreen.swift; sourceTree = "<group>"; };
		6617DA982AED69C90072DC05 /* SiteScreen.swift */ = {isa = PBXFileReference; lastKnownFileType = sourcecode.swift; path = SiteScreen.swift; sourceTree = "<group>"; };
		6617DA9A2AED6A4C0072DC05 /* SummaryScreen.swift */ = {isa = PBXFileReference; lastKnownFileType = sourcecode.swift; path = SummaryScreen.swift; sourceTree = "<group>"; };
		6617DA9C2AED6B200072DC05 /* UITestCaseBase.swift */ = {isa = PBXFileReference; lastKnownFileType = sourcecode.swift; path = UITestCaseBase.swift; sourceTree = "<group>"; };
		6617DA9F2AEDC4DF0072DC05 /* NoSitesView.swift */ = {isa = PBXFileReference; lastKnownFileType = sourcecode.swift; path = NoSitesView.swift; sourceTree = "<group>"; };
		66180D542AF18ADB00526143 /* ProcessInfo+Testing.swift */ = {isa = PBXFileReference; lastKnownFileType = sourcecode.swift; path = "ProcessInfo+Testing.swift"; sourceTree = "<group>"; };
		66180D562AF18C7E00526143 /* AppDelegate.swift */ = {isa = PBXFileReference; lastKnownFileType = sourcecode.swift; path = AppDelegate.swift; sourceTree = "<group>"; };
		66180D592AF1A89000526143 /* AddSiteFormModel.swift */ = {isa = PBXFileReference; lastKnownFileType = sourcecode.swift; path = AddSiteFormModel.swift; sourceTree = "<group>"; };
		66180D5F2AF1C4EE00526143 /* SiteStatusLabel.swift */ = {isa = PBXFileReference; lastKnownFileType = sourcecode.swift; path = SiteStatusLabel.swift; sourceTree = "<group>"; };
		661C28DB2AFD7E4600E2042C /* SiteStatusRequestTask.swift */ = {isa = PBXFileReference; lastKnownFileType = sourcecode.swift; path = SiteStatusRequestTask.swift; sourceTree = "<group>"; };
		661C28DD2AFD949700E2042C /* DetailView.swift */ = {isa = PBXFileReference; lastKnownFileType = sourcecode.swift; path = DetailView.swift; sourceTree = "<group>"; };
		661C28DF2AFDB34E00E2042C /* SiteStatusRow.swift */ = {isa = PBXFileReference; lastKnownFileType = sourcecode.swift; path = SiteStatusRow.swift; sourceTree = "<group>"; };
		6643E85A2AF3D70B0030CD43 /* SummaryRow.swift */ = {isa = PBXFileReference; lastKnownFileType = sourcecode.swift; path = SummaryRow.swift; sourceTree = "<group>"; };
		6643E85D2AF3D8CA0030CD43 /* SiteNotSelectedView.swift */ = {isa = PBXFileReference; lastKnownFileType = sourcecode.swift; path = SiteNotSelectedView.swift; sourceTree = "<group>"; };
		6643E8612AF3DB1F0030CD43 /* SiteStatusCode+Icon.swift */ = {isa = PBXFileReference; lastKnownFileType = sourcecode.swift; path = "SiteStatusCode+Icon.swift"; sourceTree = "<group>"; };
		6643E8632AF423560030CD43 /* SiteStatusHeaderView.swift */ = {isa = PBXFileReference; lastKnownFileType = sourcecode.swift; path = SiteStatusHeaderView.swift; sourceTree = "<group>"; };
		6661DA142AFEA16F00267392 /* UUID+SiteGroupIDs.swift */ = {isa = PBXFileReference; lastKnownFileType = sourcecode.swift; path = "UUID+SiteGroupIDs.swift"; sourceTree = "<group>"; };
		666414102AFEF12C00023FC4 /* AddSiteScreen+MethodPicker.swift */ = {isa = PBXFileReference; lastKnownFileType = sourcecode.swift; path = "AddSiteScreen+MethodPicker.swift"; sourceTree = "<group>"; };
		666414122AFEF29200023FC4 /* AddSiteScreen+SiteGroupPicker.swift */ = {isa = PBXFileReference; lastKnownFileType = sourcecode.swift; path = "AddSiteScreen+SiteGroupPicker.swift"; sourceTree = "<group>"; };
		666F36952AEB1C0500EE6D41 /* Localizable.xcstrings */ = {isa = PBXFileReference; lastKnownFileType = text.json.xcstrings; path = Localizable.xcstrings; sourceTree = "<group>"; };
		666F36982AEB226D00EE6D41 /* .swiftlint.yml */ = {isa = PBXFileReference; fileEncoding = 4; lastKnownFileType = text.yaml; path = .swiftlint.yml; sourceTree = "<group>"; };
		66A65B162AFCEF4500F57272 /* SiteStatusRequest.swift */ = {isa = PBXFileReference; fileEncoding = 4; lastKnownFileType = sourcecode.swift; path = SiteStatusRequest.swift; sourceTree = "<group>"; };
		66A65B172AFCEF4500F57272 /* SiteStatus.swift */ = {isa = PBXFileReference; fileEncoding = 4; lastKnownFileType = sourcecode.swift; path = SiteStatus.swift; sourceTree = "<group>"; };
		66A65B182AFCEF4500F57272 /* Site.swift */ = {isa = PBXFileReference; fileEncoding = 4; lastKnownFileType = sourcecode.swift; path = Site.swift; sourceTree = "<group>"; };
		66A65B562AFCF06800F57272 /* PingSchema.swift */ = {isa = PBXFileReference; lastKnownFileType = sourcecode.swift; path = PingSchema.swift; sourceTree = "<group>"; };
		66A65B582AFCF19200F57272 /* PingModelContainer.swift */ = {isa = PBXFileReference; lastKnownFileType = sourcecode.swift; path = PingModelContainer.swift; sourceTree = "<group>"; };
		66A65B5B2AFD20ED00F57272 /* Site+Preview.swift */ = {isa = PBXFileReference; lastKnownFileType = sourcecode.swift; path = "Site+Preview.swift"; sourceTree = "<group>"; };
		66A65B5E2AFD352B00F57272 /* SiteStatusCheckerService.swift */ = {isa = PBXFileReference; lastKnownFileType = sourcecode.swift; path = SiteStatusCheckerService.swift; sourceTree = "<group>"; };
		66B0C0592AF0657E00E48C58 /* SiteRow.swift */ = {isa = PBXFileReference; lastKnownFileType = sourcecode.swift; path = SiteRow.swift; sourceTree = "<group>"; };
		66CC55832B02CE8B00A8C4CF /* AddSiteGroupFormModelTests.swift */ = {isa = PBXFileReference; lastKnownFileType = sourcecode.swift; path = AddSiteGroupFormModelTests.swift; sourceTree = "<group>"; };
		66CC55862B02D1F800A8C4CF /* AddSiteFormModelTests.swift */ = {isa = PBXFileReference; lastKnownFileType = sourcecode.swift; path = AddSiteFormModelTests.swift; sourceTree = "<group>"; };
		66CC558A2B02DBBF00A8C4CF /* SiteStatusCodeIconTests.swift */ = {isa = PBXFileReference; lastKnownFileType = sourcecode.swift; path = SiteStatusCodeIconTests.swift; sourceTree = "<group>"; };
		66CC558C2B02DCC900A8C4CF /* SiteStatusCode+Name.swift */ = {isa = PBXFileReference; lastKnownFileType = sourcecode.swift; path = "SiteStatusCode+Name.swift"; sourceTree = "<group>"; };
		66CC558E2B02DD0200A8C4CF /* SiteStatusCodeNameTests.swift */ = {isa = PBXFileReference; lastKnownFileType = sourcecode.swift; path = SiteStatusCodeNameTests.swift; sourceTree = "<group>"; };
		66CC55912B02DEE900A8C4CF /* SiteStatusRequestTaskTests.swift */ = {isa = PBXFileReference; lastKnownFileType = sourcecode.swift; path = SiteStatusRequestTaskTests.swift; sourceTree = "<group>"; };
		66CC55982B02E1AC00A8C4CF /* SiteStatusRequestTask+SiteStatusRequest.swift */ = {isa = PBXFileReference; lastKnownFileType = sourcecode.swift; path = "SiteStatusRequestTask+SiteStatusRequest.swift"; sourceTree = "<group>"; };
		66CC559B2B02E20800A8C4CF /* SiteStatusRequestTaskMapperTests.swift */ = {isa = PBXFileReference; lastKnownFileType = sourcecode.swift; path = SiteStatusRequestTaskMapperTests.swift; sourceTree = "<group>"; };
		66CC559D2B02E71300A8C4CF /* SiteStatusCheckerService.swift */ = {isa = PBXFileReference; lastKnownFileType = sourcecode.swift; path = SiteStatusCheckerService.swift; sourceTree = "<group>"; };
		66CC55A02B02E94E00A8C4CF /* PingSchemeTests.swift */ = {isa = PBXFileReference; lastKnownFileType = sourcecode.swift; path = PingSchemeTests.swift; sourceTree = "<group>"; };
		66CC7BE42AEBC96A007BADF2 /* SiteView.swift */ = {isa = PBXFileReference; lastKnownFileType = sourcecode.swift; path = SiteView.swift; sourceTree = "<group>"; };
		66CC7C232AEBD295007BADF2 /* AddSiteView.swift */ = {isa = PBXFileReference; lastKnownFileType = sourcecode.swift; path = AddSiteView.swift; sourceTree = "<group>"; };
		66CC7C282AEBECD7007BADF2 /* SitesView.swift */ = {isa = PBXFileReference; fileEncoding = 4; lastKnownFileType = sourcecode.swift; path = SitesView.swift; sourceTree = "<group>"; };
		66CC7C2B2AEBF2A3007BADF2 /* SummaryView.swift */ = {isa = PBXFileReference; lastKnownFileType = sourcecode.swift; path = SummaryView.swift; sourceTree = "<group>"; };
		66CC7C2D2AEBF310007BADF2 /* MenuItem.swift */ = {isa = PBXFileReference; lastKnownFileType = sourcecode.swift; path = MenuItem.swift; sourceTree = "<group>"; };
		66CC7C302AEC2464007BADF2 /* Screen.swift */ = {isa = PBXFileReference; lastKnownFileType = sourcecode.swift; path = Screen.swift; sourceTree = "<group>"; };
		66CC7C322AEC2488007BADF2 /* SitesScreen.swift */ = {isa = PBXFileReference; lastKnownFileType = sourcecode.swift; path = SitesScreen.swift; sourceTree = "<group>"; };
		66D212422AEA905600A2C4CE /* Ping.app */ = {isa = PBXFileReference; explicitFileType = wrapper.application; includeInIndex = 0; path = Ping.app; sourceTree = BUILT_PRODUCTS_DIR; };
		66D212452AEA905600A2C4CE /* PingApp.swift */ = {isa = PBXFileReference; lastKnownFileType = sourcecode.swift; path = PingApp.swift; sourceTree = "<group>"; };
		66D212472AEA905600A2C4CE /* ContentView.swift */ = {isa = PBXFileReference; lastKnownFileType = sourcecode.swift; path = ContentView.swift; sourceTree = "<group>"; };
		66D2124D2AEA905600A2C4CE /* Ping.entitlements */ = {isa = PBXFileReference; lastKnownFileType = text.plist.entitlements; path = Ping.entitlements; sourceTree = "<group>"; };
		66D2124F2AEA905600A2C4CE /* Preview Assets.xcassets */ = {isa = PBXFileReference; lastKnownFileType = folder.assetcatalog; path = "Preview Assets.xcassets"; sourceTree = "<group>"; };
		66D212552AEA905600A2C4CE /* PingTests.xctest */ = {isa = PBXFileReference; explicitFileType = wrapper.cfbundle; includeInIndex = 0; path = PingTests.xctest; sourceTree = BUILT_PRODUCTS_DIR; };
		66D212592AEA905600A2C4CE /* MenuItemTests.swift */ = {isa = PBXFileReference; lastKnownFileType = sourcecode.swift; path = MenuItemTests.swift; sourceTree = "<group>"; };
		66D2125F2AEA905600A2C4CE /* PingUITests.xctest */ = {isa = PBXFileReference; explicitFileType = wrapper.cfbundle; includeInIndex = 0; path = PingUITests.xctest; sourceTree = BUILT_PRODUCTS_DIR; };
		66D212632AEA905600A2C4CE /* ManageSitesTests.swift */ = {isa = PBXFileReference; lastKnownFileType = sourcecode.swift; path = ManageSitesTests.swift; sourceTree = "<group>"; };
		66D212722AEA925600A2C4CE /* Ping.xctestplan */ = {isa = PBXFileReference; lastKnownFileType = text; path = Ping.xctestplan; sourceTree = "<group>"; };
		66D212732AEA940500A2C4CE /* PingUI.xctestplan */ = {isa = PBXFileReference; lastKnownFileType = text; path = PingUI.xctestplan; sourceTree = "<group>"; };
		66D212B02AEAF36100A2C4CE /* Assets.xcassets */ = {isa = PBXFileReference; lastKnownFileType = folder.assetcatalog; path = Assets.xcassets; sourceTree = "<group>"; };
		66D212B22AEAF37900A2C4CE /* Info.plist */ = {isa = PBXFileReference; lastKnownFileType = text.plist; path = Info.plist; sourceTree = "<group>"; };
		AF3CB76B2AFE24A1002D51EA /* PingFactory.swift */ = {isa = PBXFileReference; lastKnownFileType = sourcecode.swift; path = PingFactory.swift; sourceTree = "<group>"; };
		AF3CB76E2AFE262C002D51EA /* PingFactoryProvider.swift */ = {isa = PBXFileReference; lastKnownFileType = sourcecode.swift; path = PingFactoryProvider.swift; sourceTree = "<group>"; };
		AF3CB7702AFE26DE002D51EA /* PingLiveFactory.swift */ = {isa = PBXFileReference; lastKnownFileType = sourcecode.swift; path = PingLiveFactory.swift; sourceTree = "<group>"; };
		AF3CB7722AFE26EB002D51EA /* PingPreviewFactory.swift */ = {isa = PBXFileReference; lastKnownFileType = sourcecode.swift; path = PingPreviewFactory.swift; sourceTree = "<group>"; };
		AF3CB7752AFE2D7B002D51EA /* URLProtocolMock.swift */ = {isa = PBXFileReference; lastKnownFileType = sourcecode.swift; path = URLProtocolMock.swift; sourceTree = "<group>"; };
		AF3CB7782AFE3648002D51EA /* UUID+SiteIDs.swift */ = {isa = PBXFileReference; lastKnownFileType = sourcecode.swift; path = "UUID+SiteIDs.swift"; sourceTree = "<group>"; };
		AF3CB77B2AFE3A0E002D51EA /* SiteStatusResult.swift */ = {isa = PBXFileReference; lastKnownFileType = sourcecode.swift; path = SiteStatusResult.swift; sourceTree = "<group>"; };
		AF3CB77D2AFE412F002D51EA /* SiteGroup.swift */ = {isa = PBXFileReference; lastKnownFileType = sourcecode.swift; path = SiteGroup.swift; sourceTree = "<group>"; };
		AF3CB7802AFE4BEA002D51EA /* AddSiteGroupSheetView.swift */ = {isa = PBXFileReference; lastKnownFileType = sourcecode.swift; path = AddSiteGroupSheetView.swift; sourceTree = "<group>"; };
		AF3CB7822AFE4C3C002D51EA /* AddSiteGroupView.swift */ = {isa = PBXFileReference; lastKnownFileType = sourcecode.swift; path = AddSiteGroupView.swift; sourceTree = "<group>"; };
		AF3CB7842AFE4CE9002D51EA /* AddSiteGroupFormModel.swift */ = {isa = PBXFileReference; lastKnownFileType = sourcecode.swift; path = AddSiteGroupFormModel.swift; sourceTree = "<group>"; };
		AF3CB7872AFE768A002D51EA /* ManageSiteGroupsSheetView.swift */ = {isa = PBXFileReference; lastKnownFileType = sourcecode.swift; path = ManageSiteGroupsSheetView.swift; sourceTree = "<group>"; };
		AF3CB7892AFE7752002D51EA /* ManageSiteGroupsView.swift */ = {isa = PBXFileReference; lastKnownFileType = sourcecode.swift; path = ManageSiteGroupsView.swift; sourceTree = "<group>"; };
		AF3CB78B2AFE7903002D51EA /* SiteGroup+Preview.swift */ = {isa = PBXFileReference; lastKnownFileType = sourcecode.swift; path = "SiteGroup+Preview.swift"; sourceTree = "<group>"; };
		AF3CB78D2AFE8345002D51EA /* NoSiteGroupsView.swift */ = {isa = PBXFileReference; lastKnownFileType = sourcecode.swift; path = NoSiteGroupsView.swift; sourceTree = "<group>"; };
		AF3CB78F2AFE9607002D51EA /* ManageSiteGroupsTests.swift */ = {isa = PBXFileReference; lastKnownFileType = sourcecode.swift; path = ManageSiteGroupsTests.swift; sourceTree = "<group>"; };
		AF3CB7912AFE96E1002D51EA /* SitesScreen+ActionMenu.swift */ = {isa = PBXFileReference; lastKnownFileType = sourcecode.swift; path = "SitesScreen+ActionMenu.swift"; sourceTree = "<group>"; };
		AF3CB7932AFE97F1002D51EA /* AddSiteGroupScreen.swift */ = {isa = PBXFileReference; lastKnownFileType = sourcecode.swift; path = AddSiteGroupScreen.swift; sourceTree = "<group>"; };
		AF3CB7952AFE9821002D51EA /* ManageSiteGroupsScreen.swift */ = {isa = PBXFileReference; lastKnownFileType = sourcecode.swift; path = ManageSiteGroupsScreen.swift; sourceTree = "<group>"; };
		AF8D298F2B7FAEC90011FA31 /* PingData */ = {isa = PBXFileReference; lastKnownFileType = wrapper; name = PingData; path = ../ISP/AdamBet/PingData; sourceTree = "<group>"; };
		AFB237DD2B038F4C005084A9 /* SitesMenu.swift */ = {isa = PBXFileReference; lastKnownFileType = sourcecode.swift; path = SitesMenu.swift; sourceTree = "<group>"; };
		AFB237F12B03B751005084A9 /* en */ = {isa = PBXFileReference; lastKnownFileType = text.plist.strings; name = en; path = en.lproj/InfoPlist.strings; sourceTree = "<group>"; };
		AFB237F32B03B754005084A9 /* fr */ = {isa = PBXFileReference; lastKnownFileType = text.plist.strings; name = fr; path = fr.lproj/InfoPlist.strings; sourceTree = "<group>"; };
		AFB237F42B03BC07005084A9 /* SiteRowContextMenu.swift */ = {isa = PBXFileReference; lastKnownFileType = sourcecode.swift; path = SiteRowContextMenu.swift; sourceTree = "<group>"; };
		AFB237F62B03C0F1005084A9 /* SitesScreen+SiteContextMenu.swift */ = {isa = PBXFileReference; lastKnownFileType = sourcecode.swift; path = "SitesScreen+SiteContextMenu.swift"; sourceTree = "<group>"; };
		AFB237F82B03C129005084A9 /* Menu.swift */ = {isa = PBXFileReference; lastKnownFileType = sourcecode.swift; path = Menu.swift; sourceTree = "<group>"; };
		AFB237FA2B03CA86005084A9 /* ManageSiteGroupsTable.swift */ = {isa = PBXFileReference; lastKnownFileType = sourcecode.swift; path = ManageSiteGroupsTable.swift; sourceTree = "<group>"; };
/* End PBXFileReference section */

/* Begin PBXFrameworksBuildPhase section */
		66D2123F2AEA905600A2C4CE /* Frameworks */ = {
			isa = PBXFrameworksBuildPhase;
			buildActionMask = 2147483647;
			files = (
			);
			runOnlyForDeploymentPostprocessing = 0;
		};
		66D212522AEA905600A2C4CE /* Frameworks */ = {
			isa = PBXFrameworksBuildPhase;
			buildActionMask = 2147483647;
			files = (
			);
			runOnlyForDeploymentPostprocessing = 0;
		};
		66D2125C2AEA905600A2C4CE /* Frameworks */ = {
			isa = PBXFrameworksBuildPhase;
			buildActionMask = 2147483647;
			files = (
			);
			runOnlyForDeploymentPostprocessing = 0;
		};
/* End PBXFrameworksBuildPhase section */

/* Begin PBXGroup section */
		6617DA9E2AED6B3B0072DC05 /* Utils */ = {
			isa = PBXGroup;
			children = (
				6617DA9C2AED6B200072DC05 /* UITestCaseBase.swift */,
			);
			path = Utils;
			sourceTree = "<group>";
		};
		66180D582AF18E0000526143 /* Extensions */ = {
			isa = PBXGroup;
			children = (
				66180D542AF18ADB00526143 /* ProcessInfo+Testing.swift */,
			);
			path = Extensions;
			sourceTree = "<group>";
		};
		66180D5E2AF1C4D600526143 /* Shared */ = {
			isa = PBXGroup;
			children = (
				6643E8602AF3DB100030CD43 /* Models */,
				6643E85F2AF3DB090030CD43 /* Views */,
			);
			path = Shared;
			sourceTree = "<group>";
		};
		6643E85C2AF3D8B00030CD43 /* Navigation */ = {
			isa = PBXGroup;
			children = (
				66D212472AEA905600A2C4CE /* ContentView.swift */,
				661C28DD2AFD949700E2042C /* DetailView.swift */,
				66CC7C2D2AEBF310007BADF2 /* MenuItem.swift */,
				6643E85D2AF3D8CA0030CD43 /* SiteNotSelectedView.swift */,
			);
			path = Navigation;
			sourceTree = "<group>";
		};
		6643E85F2AF3DB090030CD43 /* Views */ = {
			isa = PBXGroup;
			children = (
				66180D5F2AF1C4EE00526143 /* SiteStatusLabel.swift */,
			);
			path = Views;
			sourceTree = "<group>";
		};
		6643E8602AF3DB100030CD43 /* Models */ = {
			isa = PBXGroup;
			children = (
				6643E8612AF3DB1F0030CD43 /* SiteStatusCode+Icon.swift */,
				66CC558C2B02DCC900A8C4CF /* SiteStatusCode+Name.swift */,
			);
			path = Models;
			sourceTree = "<group>";
		};
		66A65B142AFCEF2900F57272 /* SwiftData */ = {
			isa = PBXGroup;
			children = (
				66A65B582AFCF19200F57272 /* PingModelContainer.swift */,
				66A65B562AFCF06800F57272 /* PingSchema.swift */,
				66A65B152AFCEF3500F57272 /* Models */,
			);
			path = SwiftData;
			sourceTree = "<group>";
		};
		66A65B152AFCEF3500F57272 /* Models */ = {
			isa = PBXGroup;
			children = (
				AF3CB77D2AFE412F002D51EA /* SiteGroup.swift */,
				66A65B182AFCEF4500F57272 /* Site.swift */,
				66A65B172AFCEF4500F57272 /* SiteStatus.swift */,
				66A65B162AFCEF4500F57272 /* SiteStatusRequest.swift */,
			);
			path = Models;
			sourceTree = "<group>";
		};
		66A65B5A2AFD20DC00F57272 /* Models */ = {
			isa = PBXGroup;
			children = (
				AF3CB78B2AFE7903002D51EA /* SiteGroup+Preview.swift */,
				66A65B5B2AFD20ED00F57272 /* Site+Preview.swift */,
			);
			path = Models;
			sourceTree = "<group>";
		};
		66A65B5D2AFD351900F57272 /* Services */ = {
			isa = PBXGroup;
			children = (
				66CC55942B02E0BF00A8C4CF /* SiteStatusChecker */,
			);
			path = Services;
			sourceTree = "<group>";
		};
		66CC55822B02CE7300A8C4CF /* AddSIteGroup */ = {
			isa = PBXGroup;
			children = (
				66CC55832B02CE8B00A8C4CF /* AddSiteGroupFormModelTests.swift */,
			);
			path = AddSIteGroup;
			sourceTree = "<group>";
		};
		66CC55852B02D1E900A8C4CF /* AddSite */ = {
			isa = PBXGroup;
			children = (
				66CC55862B02D1F800A8C4CF /* AddSiteFormModelTests.swift */,
			);
			path = AddSite;
			sourceTree = "<group>";
		};
		66CC55882B02DB9700A8C4CF /* Shared */ = {
			isa = PBXGroup;
			children = (
				66CC55892B02DBAE00A8C4CF /* Models */,
			);
			path = Shared;
			sourceTree = "<group>";
		};
		66CC55892B02DBAE00A8C4CF /* Models */ = {
			isa = PBXGroup;
			children = (
				66CC558A2B02DBBF00A8C4CF /* SiteStatusCodeIconTests.swift */,
				66CC558E2B02DD0200A8C4CF /* SiteStatusCodeNameTests.swift */,
			);
			path = Models;
			sourceTree = "<group>";
		};
		66CC55902B02DEB200A8C4CF /* Services */ = {
			isa = PBXGroup;
			children = (
				66CC55952B02E0DB00A8C4CF /* SiteStatusChecker */,
			);
			path = Services;
			sourceTree = "<group>";
		};
		66CC55932B02E0B600A8C4CF /* Models */ = {
			isa = PBXGroup;
			children = (
				661C28DB2AFD7E4600E2042C /* SiteStatusRequestTask.swift */,
				AF3CB77B2AFE3A0E002D51EA /* SiteStatusResult.swift */,
			);
			path = Models;
			sourceTree = "<group>";
		};
		66CC55942B02E0BF00A8C4CF /* SiteStatusChecker */ = {
			isa = PBXGroup;
			children = (
				66CC55932B02E0B600A8C4CF /* Models */,
				66CC55972B02E1A300A8C4CF /* Mappers */,
				66A65B5E2AFD352B00F57272 /* SiteStatusCheckerService.swift */,
			);
			path = SiteStatusChecker;
			sourceTree = "<group>";
		};
		66CC55952B02E0DB00A8C4CF /* SiteStatusChecker */ = {
			isa = PBXGroup;
			children = (
				66CC55962B02E0E300A8C4CF /* Models */,
				66CC559A2B02E1ED00A8C4CF /* Mappers */,
				66CC559D2B02E71300A8C4CF /* SiteStatusCheckerService.swift */,
			);
			path = SiteStatusChecker;
			sourceTree = "<group>";
		};
		66CC55962B02E0E300A8C4CF /* Models */ = {
			isa = PBXGroup;
			children = (
				66CC55912B02DEE900A8C4CF /* SiteStatusRequestTaskTests.swift */,
			);
			path = Models;
			sourceTree = "<group>";
		};
		66CC55972B02E1A300A8C4CF /* Mappers */ = {
			isa = PBXGroup;
			children = (
				66CC55982B02E1AC00A8C4CF /* SiteStatusRequestTask+SiteStatusRequest.swift */,
			);
			path = Mappers;
			sourceTree = "<group>";
		};
		66CC559A2B02E1ED00A8C4CF /* Mappers */ = {
			isa = PBXGroup;
			children = (
				66CC559B2B02E20800A8C4CF /* SiteStatusRequestTaskMapperTests.swift */,
			);
			path = Mappers;
			sourceTree = "<group>";
		};
		66CC559F2B02E93900A8C4CF /* SwiftData */ = {
			isa = PBXGroup;
			children = (
				66CC55A02B02E94E00A8C4CF /* PingSchemeTests.swift */,
			);
			path = SwiftData;
			sourceTree = "<group>";
		};
		66CC7BE32AEBC961007BADF2 /* Site */ = {
			isa = PBXGroup;
			children = (
				66CC7BE42AEBC96A007BADF2 /* SiteView.swift */,
				6643E8632AF423560030CD43 /* SiteStatusHeaderView.swift */,
				661C28DF2AFDB34E00E2042C /* SiteStatusRow.swift */,
			);
			path = Site;
			sourceTree = "<group>";
		};
		66CC7C202AEBCDAC007BADF2 /* Frameworks */ = {
			isa = PBXGroup;
			children = (
			);
			name = Frameworks;
			sourceTree = "<group>";
		};
		66CC7C252AEBD2AE007BADF2 /* AddSite */ = {
			isa = PBXGroup;
			children = (
				66049D4B2AF3055E003953C5 /* AddSiteSheetView.swift */,
				66CC7C232AEBD295007BADF2 /* AddSiteView.swift */,
				66180D592AF1A89000526143 /* AddSiteFormModel.swift */,
			);
			path = AddSite;
			sourceTree = "<group>";
		};
		66CC7C272AEBECD7007BADF2 /* Sites */ = {
			isa = PBXGroup;
			children = (
				66CC7C282AEBECD7007BADF2 /* SitesView.swift */,
				AFB237DD2B038F4C005084A9 /* SitesMenu.swift */,
				6617DA9F2AEDC4DF0072DC05 /* NoSitesView.swift */,
				6643E85A2AF3D70B0030CD43 /* SummaryRow.swift */,
				66B0C0592AF0657E00E48C58 /* SiteRow.swift */,
				AFB237F42B03BC07005084A9 /* SiteRowContextMenu.swift */,
			);
			path = Sites;
			sourceTree = "<group>";
		};
		66CC7C2A2AEBF296007BADF2 /* Summary */ = {
			isa = PBXGroup;
			children = (
				66CC7C2B2AEBF2A3007BADF2 /* SummaryView.swift */,
			);
			path = Summary;
			sourceTree = "<group>";
		};
		66CC7C2F2AEC2451007BADF2 /* Screens */ = {
			isa = PBXGroup;
			children = (
				66CC7C302AEC2464007BADF2 /* Screen.swift */,
				AFB237F82B03C129005084A9 /* Menu.swift */,
				66CC7C322AEC2488007BADF2 /* SitesScreen.swift */,
				AF3CB7912AFE96E1002D51EA /* SitesScreen+ActionMenu.swift */,
				AFB237F62B03C0F1005084A9 /* SitesScreen+SiteContextMenu.swift */,
				6617DA9A2AED6A4C0072DC05 /* SummaryScreen.swift */,
				6617DA962AED679A0072DC05 /* AddSiteScreen.swift */,
				666414122AFEF29200023FC4 /* AddSiteScreen+SiteGroupPicker.swift */,
				666414102AFEF12C00023FC4 /* AddSiteScreen+MethodPicker.swift */,
				AF3CB7932AFE97F1002D51EA /* AddSiteGroupScreen.swift */,
				AF3CB7952AFE9821002D51EA /* ManageSiteGroupsScreen.swift */,
				6617DA982AED69C90072DC05 /* SiteScreen.swift */,
			);
			path = Screens;
			sourceTree = "<group>";
		};
		66D212392AEA905600A2C4CE = {
			isa = PBXGroup;
			children = (
				66D212442AEA905600A2C4CE /* Ping */,
				AF8D298F2B7FAEC90011FA31 /* PingData */,
				66D212582AEA905600A2C4CE /* PingTests */,
				66D212622AEA905600A2C4CE /* PingUITests */,
				66D212432AEA905600A2C4CE /* Products */,
				66CC7C202AEBCDAC007BADF2 /* Frameworks */,
				66D212722AEA925600A2C4CE /* Ping.xctestplan */,
				66D212732AEA940500A2C4CE /* PingUI.xctestplan */,
				666F36982AEB226D00EE6D41 /* .swiftlint.yml */,
			);
			sourceTree = "<group>";
		};
		66D212432AEA905600A2C4CE /* Products */ = {
			isa = PBXGroup;
			children = (
				66D212422AEA905600A2C4CE /* Ping.app */,
				66D212552AEA905600A2C4CE /* PingTests.xctest */,
				66D2125F2AEA905600A2C4CE /* PingUITests.xctest */,
			);
			name = Products;
			sourceTree = "<group>";
		};
		66D212442AEA905600A2C4CE /* Ping */ = {
			isa = PBXGroup;
			children = (
				66D212452AEA905600A2C4CE /* PingApp.swift */,
				66180D562AF18C7E00526143 /* AppDelegate.swift */,
				6643E85C2AF3D8B00030CD43 /* Navigation */,
				66CC7C272AEBECD7007BADF2 /* Sites */,
				66CC7C2A2AEBF296007BADF2 /* Summary */,
				AF3CB77F2AFE4BD5002D51EA /* AddSiteGroup */,
				AF3CB7862AFE7657002D51EA /* ManageSiteGroups */,
				66CC7C252AEBD2AE007BADF2 /* AddSite */,
				66CC7BE32AEBC961007BADF2 /* Site */,
				66180D5E2AF1C4D600526143 /* Shared */,
				66A65B5D2AFD351900F57272 /* Services */,
				66A65B142AFCEF2900F57272 /* SwiftData */,
				AF3CB76D2AFE260F002D51EA /* Factories */,
				66180D582AF18E0000526143 /* Extensions */,
				66D212AF2AEAF36100A2C4CE /* Resources */,
				66D2124D2AEA905600A2C4CE /* Ping.entitlements */,
				66D212B22AEAF37900A2C4CE /* Info.plist */,
				66D2124E2AEA905600A2C4CE /* Preview Content */,
			);
			path = Ping;
			sourceTree = "<group>";
		};
		66D2124E2AEA905600A2C4CE /* Preview Content */ = {
			isa = PBXGroup;
			children = (
				66A65B5A2AFD20DC00F57272 /* Models */,
				AF3CB7742AFE2D69002D51EA /* Mocks */,
				66D2124F2AEA905600A2C4CE /* Preview Assets.xcassets */,
			);
			path = "Preview Content";
			sourceTree = "<group>";
		};
		66D212582AEA905600A2C4CE /* PingTests */ = {
			isa = PBXGroup;
			children = (
				AF3CB77A2AFE369B002D51EA /* Navigation */,
				66CC55822B02CE7300A8C4CF /* AddSIteGroup */,
				66CC55852B02D1E900A8C4CF /* AddSite */,
				66CC55882B02DB9700A8C4CF /* Shared */,
				66CC55902B02DEB200A8C4CF /* Services */,
				66CC559F2B02E93900A8C4CF /* SwiftData */,
			);
			path = PingTests;
			sourceTree = "<group>";
		};
		66D212622AEA905600A2C4CE /* PingUITests */ = {
			isa = PBXGroup;
			children = (
				66D212632AEA905600A2C4CE /* ManageSitesTests.swift */,
				AF3CB78F2AFE9607002D51EA /* ManageSiteGroupsTests.swift */,
				66CC7C2F2AEC2451007BADF2 /* Screens */,
				AF3CB7772AFE362E002D51EA /* Mocks */,
				6617DA9E2AED6B3B0072DC05 /* Utils */,
			);
			path = PingUITests;
			sourceTree = "<group>";
		};
		66D212AF2AEAF36100A2C4CE /* Resources */ = {
			isa = PBXGroup;
			children = (
				66D212B02AEAF36100A2C4CE /* Assets.xcassets */,
				666F36952AEB1C0500EE6D41 /* Localizable.xcstrings */,
				AFB237F22B03B751005084A9 /* InfoPlist.strings */,
			);
			path = Resources;
			sourceTree = "<group>";
		};
		AF3CB76D2AFE260F002D51EA /* Factories */ = {
			isa = PBXGroup;
			children = (
				AF3CB76E2AFE262C002D51EA /* PingFactoryProvider.swift */,
				AF3CB76B2AFE24A1002D51EA /* PingFactory.swift */,
				AF3CB7702AFE26DE002D51EA /* PingLiveFactory.swift */,
				AF3CB7722AFE26EB002D51EA /* PingPreviewFactory.swift */,
			);
			path = Factories;
			sourceTree = "<group>";
		};
		AF3CB7742AFE2D69002D51EA /* Mocks */ = {
			isa = PBXGroup;
			children = (
				AF3CB7752AFE2D7B002D51EA /* URLProtocolMock.swift */,
			);
			path = Mocks;
			sourceTree = "<group>";
		};
		AF3CB7772AFE362E002D51EA /* Mocks */ = {
			isa = PBXGroup;
			children = (
				AF3CB7782AFE3648002D51EA /* UUID+SiteIDs.swift */,
				6661DA142AFEA16F00267392 /* UUID+SiteGroupIDs.swift */,
			);
			path = Mocks;
			sourceTree = "<group>";
		};
		AF3CB77A2AFE369B002D51EA /* Navigation */ = {
			isa = PBXGroup;
			children = (
				66D212592AEA905600A2C4CE /* MenuItemTests.swift */,
			);
			path = Navigation;
			sourceTree = "<group>";
		};
		AF3CB77F2AFE4BD5002D51EA /* AddSiteGroup */ = {
			isa = PBXGroup;
			children = (
				AF3CB7802AFE4BEA002D51EA /* AddSiteGroupSheetView.swift */,
				AF3CB7822AFE4C3C002D51EA /* AddSiteGroupView.swift */,
				AF3CB7842AFE4CE9002D51EA /* AddSiteGroupFormModel.swift */,
			);
			path = AddSiteGroup;
			sourceTree = "<group>";
		};
		AF3CB7862AFE7657002D51EA /* ManageSiteGroups */ = {
			isa = PBXGroup;
			children = (
				AF3CB7872AFE768A002D51EA /* ManageSiteGroupsSheetView.swift */,
				AF3CB7892AFE7752002D51EA /* ManageSiteGroupsView.swift */,
				AFB237FA2B03CA86005084A9 /* ManageSiteGroupsTable.swift */,
				AF3CB78D2AFE8345002D51EA /* NoSiteGroupsView.swift */,
			);
			path = ManageSiteGroups;
			sourceTree = "<group>";
		};
/* End PBXGroup section */

/* Begin PBXNativeTarget section */
		66D212412AEA905600A2C4CE /* Ping */ = {
			isa = PBXNativeTarget;
			buildConfigurationList = 66D212692AEA905600A2C4CE /* Build configuration list for PBXNativeTarget "Ping" */;
			buildPhases = (
				666F36972AEB20CE00EE6D41 /* Lint */,
				66D2123E2AEA905600A2C4CE /* Sources */,
				66D2123F2AEA905600A2C4CE /* Frameworks */,
				66D212402AEA905600A2C4CE /* Resources */,
			);
			buildRules = (
			);
			dependencies = (
			);
			name = Ping;
			packageProductDependencies = (
			);
			productName = Ping;
			productReference = 66D212422AEA905600A2C4CE /* Ping.app */;
			productType = "com.apple.product-type.application";
		};
		66D212542AEA905600A2C4CE /* PingTests */ = {
			isa = PBXNativeTarget;
			buildConfigurationList = 66D2126C2AEA905600A2C4CE /* Build configuration list for PBXNativeTarget "PingTests" */;
			buildPhases = (
				66D212512AEA905600A2C4CE /* Sources */,
				66D212522AEA905600A2C4CE /* Frameworks */,
				66D212532AEA905600A2C4CE /* Resources */,
			);
			buildRules = (
			);
			dependencies = (
				66D212572AEA905600A2C4CE /* PBXTargetDependency */,
			);
			name = PingTests;
			productName = PingTests;
			productReference = 66D212552AEA905600A2C4CE /* PingTests.xctest */;
			productType = "com.apple.product-type.bundle.unit-test";
		};
		66D2125E2AEA905600A2C4CE /* PingUITests */ = {
			isa = PBXNativeTarget;
			buildConfigurationList = 66D2126F2AEA905600A2C4CE /* Build configuration list for PBXNativeTarget "PingUITests" */;
			buildPhases = (
				66D2125B2AEA905600A2C4CE /* Sources */,
				66D2125C2AEA905600A2C4CE /* Frameworks */,
				66D2125D2AEA905600A2C4CE /* Resources */,
			);
			buildRules = (
			);
			dependencies = (
				66D212612AEA905600A2C4CE /* PBXTargetDependency */,
			);
			name = PingUITests;
			productName = PingUITests;
			productReference = 66D2125F2AEA905600A2C4CE /* PingUITests.xctest */;
			productType = "com.apple.product-type.bundle.ui-testing";
		};
/* End PBXNativeTarget section */

/* Begin PBXProject section */
		66D2123A2AEA905600A2C4CE /* Project object */ = {
			isa = PBXProject;
			attributes = {
				BuildIndependentTargetsInParallel = 1;
				LastSwiftUpdateCheck = 1500;
				LastUpgradeCheck = 1520;
				TargetAttributes = {
					66D212412AEA905600A2C4CE = {
						CreatedOnToolsVersion = 15.0.1;
					};
					66D212542AEA905600A2C4CE = {
						CreatedOnToolsVersion = 15.0.1;
						TestTargetID = 66D212412AEA905600A2C4CE;
					};
					66D2125E2AEA905600A2C4CE = {
						CreatedOnToolsVersion = 15.0.1;
						TestTargetID = 66D212412AEA905600A2C4CE;
					};
				};
			};
			buildConfigurationList = 66D2123D2AEA905600A2C4CE /* Build configuration list for PBXProject "Ping" */;
			compatibilityVersion = "Xcode 14.0";
			developmentRegion = en;
			hasScannedForEncodings = 0;
			knownRegions = (
				en,
				Base,
				fr,
			);
			mainGroup = 66D212392AEA905600A2C4CE;
			productRefGroup = 66D212432AEA905600A2C4CE /* Products */;
			projectDirPath = "";
			projectRoot = "";
			targets = (
				66D212412AEA905600A2C4CE /* Ping */,
				66D212542AEA905600A2C4CE /* PingTests */,
				66D2125E2AEA905600A2C4CE /* PingUITests */,
			);
		};
/* End PBXProject section */

/* Begin PBXResourcesBuildPhase section */
		66D212402AEA905600A2C4CE /* Resources */ = {
			isa = PBXResourcesBuildPhase;
			buildActionMask = 2147483647;
			files = (
				66D212B12AEAF36100A2C4CE /* Assets.xcassets in Resources */,
				AFB237F02B03B751005084A9 /* InfoPlist.strings in Resources */,
				66D212502AEA905600A2C4CE /* Preview Assets.xcassets in Resources */,
				666F36962AEB1C0500EE6D41 /* Localizable.xcstrings in Resources */,
			);
			runOnlyForDeploymentPostprocessing = 0;
		};
		66D212532AEA905600A2C4CE /* Resources */ = {
			isa = PBXResourcesBuildPhase;
			buildActionMask = 2147483647;
			files = (
			);
			runOnlyForDeploymentPostprocessing = 0;
		};
		66D2125D2AEA905600A2C4CE /* Resources */ = {
			isa = PBXResourcesBuildPhase;
			buildActionMask = 2147483647;
			files = (
			);
			runOnlyForDeploymentPostprocessing = 0;
		};
/* End PBXResourcesBuildPhase section */

/* Begin PBXShellScriptBuildPhase section */
		666F36972AEB20CE00EE6D41 /* Lint */ = {
			isa = PBXShellScriptBuildPhase;
			alwaysOutOfDate = 1;
			buildActionMask = 2147483647;
			files = (
			);
			inputFileListPaths = (
			);
			inputPaths = (
			);
			name = Lint;
			outputFileListPaths = (
			);
			outputPaths = (
			);
			runOnlyForDeploymentPostprocessing = 0;
			shellPath = /bin/sh;
			shellScript = "export PATH=\"$PATH:/opt/homebrew/bin\"\n\nif [[ -z $CI ]]; then\n  if which swiftlint >/dev/null; then\n    swiftlint\n  else\n    echo \"warning: SwiftLint not installed, download from https://github.com/realm/SwiftLint\"\n  fi\nfi\n";
		};
/* End PBXShellScriptBuildPhase section */

/* Begin PBXSourcesBuildPhase section */
		66D2123E2AEA905600A2C4CE /* Sources */ = {
			isa = PBXSourcesBuildPhase;
			buildActionMask = 2147483647;
			files = (
				66A65B572AFCF06800F57272 /* PingSchema.swift in Sources */,
				66A65B592AFCF19200F57272 /* PingModelContainer.swift in Sources */,
				AF3CB76C2AFE24A1002D51EA /* PingFactory.swift in Sources */,
				66180D572AF18C7E00526143 /* AppDelegate.swift in Sources */,
				66CC7BE52AEBC96A007BADF2 /* SiteView.swift in Sources */,
				66CC7C2E2AEBF310007BADF2 /* MenuItem.swift in Sources */,
				66CC7C242AEBD295007BADF2 /* AddSiteView.swift in Sources */,
				66180D602AF1C4EE00526143 /* SiteStatusLabel.swift in Sources */,
				66180D552AF18ADB00526143 /* ProcessInfo+Testing.swift in Sources */,
				6643E85B2AF3D70B0030CD43 /* SummaryRow.swift in Sources */,
				AF3CB76F2AFE262C002D51EA /* PingFactoryProvider.swift in Sources */,
				661C28DC2AFD7E4600E2042C /* SiteStatusRequestTask.swift in Sources */,
				AF3CB7832AFE4C3C002D51EA /* AddSiteGroupView.swift in Sources */,
				AF3CB7882AFE768A002D51EA /* ManageSiteGroupsSheetView.swift in Sources */,
				66A65B1B2AFCEF4500F57272 /* Site.swift in Sources */,
				66CC7C292AEBECD7007BADF2 /* SitesView.swift in Sources */,
				66A65B192AFCEF4500F57272 /* SiteStatusRequest.swift in Sources */,
				AF3CB7852AFE4CE9002D51EA /* AddSiteGroupFormModel.swift in Sources */,
				AF3CB78E2AFE8345002D51EA /* NoSiteGroupsView.swift in Sources */,
				66CC55992B02E1AC00A8C4CF /* SiteStatusRequestTask+SiteStatusRequest.swift in Sources */,
				66A65B5F2AFD352B00F57272 /* SiteStatusCheckerService.swift in Sources */,
				66049D4C2AF3055E003953C5 /* AddSiteSheetView.swift in Sources */,
				6617DAA02AEDC4DF0072DC05 /* NoSitesView.swift in Sources */,
				AF3CB78C2AFE7903002D51EA /* SiteGroup+Preview.swift in Sources */,
				6643E8622AF3DB1F0030CD43 /* SiteStatusCode+Icon.swift in Sources */,
				66CC558D2B02DCC900A8C4CF /* SiteStatusCode+Name.swift in Sources */,
				66D212482AEA905600A2C4CE /* ContentView.swift in Sources */,
				6643E8642AF423560030CD43 /* SiteStatusHeaderView.swift in Sources */,
				661C28DE2AFD949700E2042C /* DetailView.swift in Sources */,
				AF3CB7712AFE26DE002D51EA /* PingLiveFactory.swift in Sources */,
				66D212462AEA905600A2C4CE /* PingApp.swift in Sources */,
				66CC7C2C2AEBF2A3007BADF2 /* SummaryView.swift in Sources */,
				AFB237DE2B038F4C005084A9 /* SitesMenu.swift in Sources */,
				66A65B1A2AFCEF4500F57272 /* SiteStatus.swift in Sources */,
				66B0C05A2AF0657E00E48C58 /* SiteRow.swift in Sources */,
				AF3CB77E2AFE412F002D51EA /* SiteGroup.swift in Sources */,
				AF3CB7732AFE26EB002D51EA /* PingPreviewFactory.swift in Sources */,
				6643E85E2AF3D8CA0030CD43 /* SiteNotSelectedView.swift in Sources */,
				66180D5A2AF1A89000526143 /* AddSiteFormModel.swift in Sources */,
				66A65B5C2AFD20ED00F57272 /* Site+Preview.swift in Sources */,
				661C28E02AFDB34E00E2042C /* SiteStatusRow.swift in Sources */,
				AF3CB7812AFE4BEA002D51EA /* AddSiteGroupSheetView.swift in Sources */,
				AFB237F52B03BC07005084A9 /* SiteRowContextMenu.swift in Sources */,
				AF3CB7762AFE2D7B002D51EA /* URLProtocolMock.swift in Sources */,
				AF3CB78A2AFE7752002D51EA /* ManageSiteGroupsView.swift in Sources */,
				AF3CB77C2AFE3A0E002D51EA /* SiteStatusResult.swift in Sources */,
				AFB237FB2B03CA86005084A9 /* ManageSiteGroupsTable.swift in Sources */,
			);
			runOnlyForDeploymentPostprocessing = 0;
		};
		66D212512AEA905600A2C4CE /* Sources */ = {
			isa = PBXSourcesBuildPhase;
			buildActionMask = 2147483647;
			files = (
				66CC55A12B02E94E00A8C4CF /* PingSchemeTests.swift in Sources */,
				66CC559E2B02E71300A8C4CF /* SiteStatusCheckerService.swift in Sources */,
				66CC558F2B02DD0200A8C4CF /* SiteStatusCodeNameTests.swift in Sources */,
				66CC559C2B02E20800A8C4CF /* SiteStatusRequestTaskMapperTests.swift in Sources */,
				66CC558B2B02DBBF00A8C4CF /* SiteStatusCodeIconTests.swift in Sources */,
				66CC55922B02DEE900A8C4CF /* SiteStatusRequestTaskTests.swift in Sources */,
				66CC55842B02CE8B00A8C4CF /* AddSiteGroupFormModelTests.swift in Sources */,
				66D2125A2AEA905600A2C4CE /* MenuItemTests.swift in Sources */,
				66CC55872B02D1F800A8C4CF /* AddSiteFormModelTests.swift in Sources */,
			);
			runOnlyForDeploymentPostprocessing = 0;
		};
		66D2125B2AEA905600A2C4CE /* Sources */ = {
			isa = PBXSourcesBuildPhase;
			buildActionMask = 2147483647;
			files = (
				66CC7C332AEC2488007BADF2 /* SitesScreen.swift in Sources */,
				AF3CB7962AFE9821002D51EA /* ManageSiteGroupsScreen.swift in Sources */,
				6617DA992AED69C90072DC05 /* SiteScreen.swift in Sources */,
				AF3CB7942AFE97F1002D51EA /* AddSiteGroupScreen.swift in Sources */,
				66D212642AEA905600A2C4CE /* ManageSitesTests.swift in Sources */,
				6617DA9B2AED6A4C0072DC05 /* SummaryScreen.swift in Sources */,
				AF3CB7792AFE3648002D51EA /* UUID+SiteIDs.swift in Sources */,
				AF3CB7902AFE9607002D51EA /* ManageSiteGroupsTests.swift in Sources */,
				6617DA9D2AED6B200072DC05 /* UITestCaseBase.swift in Sources */,
				6661DA152AFEA16F00267392 /* UUID+SiteGroupIDs.swift in Sources */,
				666414132AFEF29200023FC4 /* AddSiteScreen+SiteGroupPicker.swift in Sources */,
				666414112AFEF12C00023FC4 /* AddSiteScreen+MethodPicker.swift in Sources */,
				AFB237F72B03C0F1005084A9 /* SitesScreen+SiteContextMenu.swift in Sources */,
				AFB237F92B03C129005084A9 /* Menu.swift in Sources */,
				66CC7C312AEC2464007BADF2 /* Screen.swift in Sources */,
				6617DA972AED679A0072DC05 /* AddSiteScreen.swift in Sources */,
				AF3CB7922AFE96E1002D51EA /* SitesScreen+ActionMenu.swift in Sources */,
			);
			runOnlyForDeploymentPostprocessing = 0;
		};
/* End PBXSourcesBuildPhase section */

/* Begin PBXTargetDependency section */
		66D212572AEA905600A2C4CE /* PBXTargetDependency */ = {
			isa = PBXTargetDependency;
			target = 66D212412AEA905600A2C4CE /* Ping */;
			targetProxy = 66D212562AEA905600A2C4CE /* PBXContainerItemProxy */;
		};
		66D212612AEA905600A2C4CE /* PBXTargetDependency */ = {
			isa = PBXTargetDependency;
			target = 66D212412AEA905600A2C4CE /* Ping */;
			targetProxy = 66D212602AEA905600A2C4CE /* PBXContainerItemProxy */;
		};
/* End PBXTargetDependency section */

/* Begin PBXVariantGroup section */
		AFB237F22B03B751005084A9 /* InfoPlist.strings */ = {
			isa = PBXVariantGroup;
			children = (
				AFB237F12B03B751005084A9 /* en */,
				AFB237F32B03B754005084A9 /* fr */,
			);
			name = InfoPlist.strings;
			sourceTree = "<group>";
		};
/* End PBXVariantGroup section */

/* Begin XCBuildConfiguration section */
		66D212672AEA905600A2C4CE /* Debug */ = {
			isa = XCBuildConfiguration;
			buildSettings = {
				ALWAYS_SEARCH_USER_PATHS = NO;
				ASSETCATALOG_COMPILER_GENERATE_SWIFT_ASSET_SYMBOL_EXTENSIONS = YES;
				CLANG_ANALYZER_LOCALIZABILITY_NONLOCALIZED = YES;
				CLANG_ANALYZER_NONNULL = YES;
				CLANG_ANALYZER_NUMBER_OBJECT_CONVERSION = YES_AGGRESSIVE;
				CLANG_CXX_LANGUAGE_STANDARD = "gnu++20";
				CLANG_ENABLE_MODULES = YES;
				CLANG_ENABLE_OBJC_ARC = YES;
				CLANG_ENABLE_OBJC_WEAK = YES;
				CLANG_WARN_BLOCK_CAPTURE_AUTORELEASING = YES;
				CLANG_WARN_BOOL_CONVERSION = YES;
				CLANG_WARN_COMMA = YES;
				CLANG_WARN_CONSTANT_CONVERSION = YES;
				CLANG_WARN_DEPRECATED_OBJC_IMPLEMENTATIONS = YES;
				CLANG_WARN_DIRECT_OBJC_ISA_USAGE = YES_ERROR;
				CLANG_WARN_DOCUMENTATION_COMMENTS = YES;
				CLANG_WARN_EMPTY_BODY = YES;
				CLANG_WARN_ENUM_CONVERSION = YES;
				CLANG_WARN_INFINITE_RECURSION = YES;
				CLANG_WARN_INT_CONVERSION = YES;
				CLANG_WARN_NON_LITERAL_NULL_CONVERSION = YES;
				CLANG_WARN_OBJC_IMPLICIT_RETAIN_SELF = YES;
				CLANG_WARN_OBJC_LITERAL_CONVERSION = YES;
				CLANG_WARN_OBJC_ROOT_CLASS = YES_ERROR;
				CLANG_WARN_QUOTED_INCLUDE_IN_FRAMEWORK_HEADER = YES;
				CLANG_WARN_RANGE_LOOP_ANALYSIS = YES;
				CLANG_WARN_STRICT_PROTOTYPES = YES;
				CLANG_WARN_SUSPICIOUS_MOVE = YES;
				CLANG_WARN_UNGUARDED_AVAILABILITY = YES_AGGRESSIVE;
				CLANG_WARN_UNREACHABLE_CODE = YES;
				CLANG_WARN__DUPLICATE_METHOD_MATCH = YES;
				COPY_PHASE_STRIP = NO;
				DEAD_CODE_STRIPPING = YES;
				DEBUG_INFORMATION_FORMAT = dwarf;
				ENABLE_STRICT_OBJC_MSGSEND = YES;
				ENABLE_TESTABILITY = YES;
				ENABLE_USER_SCRIPT_SANDBOXING = YES;
				GCC_C_LANGUAGE_STANDARD = gnu17;
				GCC_DYNAMIC_NO_PIC = NO;
				GCC_NO_COMMON_BLOCKS = YES;
				GCC_OPTIMIZATION_LEVEL = 0;
				GCC_PREPROCESSOR_DEFINITIONS = (
					"DEBUG=1",
					"$(inherited)",
				);
				GCC_WARN_64_TO_32_BIT_CONVERSION = YES;
				GCC_WARN_ABOUT_RETURN_TYPE = YES_ERROR;
				GCC_WARN_UNDECLARED_SELECTOR = YES;
				GCC_WARN_UNINITIALIZED_AUTOS = YES_AGGRESSIVE;
				GCC_WARN_UNUSED_FUNCTION = YES;
				GCC_WARN_UNUSED_VARIABLE = YES;
				IPHONEOS_DEPLOYMENT_TARGET = 17.0;
				LOCALIZATION_PREFERS_STRING_CATALOGS = YES;
				MACOSX_DEPLOYMENT_TARGET = 14.0;
				MTL_ENABLE_DEBUG_INFO = INCLUDE_SOURCE;
				MTL_FAST_MATH = YES;
				ONLY_ACTIVE_ARCH = YES;
				SWIFT_ACTIVE_COMPILATION_CONDITIONS = "DEBUG $(inherited)";
				SWIFT_OPTIMIZATION_LEVEL = "-Onone";
				SWIFT_STRICT_CONCURRENCY = complete;
			};
			name = Debug;
		};
		66D212682AEA905600A2C4CE /* Release */ = {
			isa = XCBuildConfiguration;
			buildSettings = {
				ALWAYS_SEARCH_USER_PATHS = NO;
				ASSETCATALOG_COMPILER_GENERATE_SWIFT_ASSET_SYMBOL_EXTENSIONS = YES;
				CLANG_ANALYZER_LOCALIZABILITY_NONLOCALIZED = YES;
				CLANG_ANALYZER_NONNULL = YES;
				CLANG_ANALYZER_NUMBER_OBJECT_CONVERSION = YES_AGGRESSIVE;
				CLANG_CXX_LANGUAGE_STANDARD = "gnu++20";
				CLANG_ENABLE_MODULES = YES;
				CLANG_ENABLE_OBJC_ARC = YES;
				CLANG_ENABLE_OBJC_WEAK = YES;
				CLANG_WARN_BLOCK_CAPTURE_AUTORELEASING = YES;
				CLANG_WARN_BOOL_CONVERSION = YES;
				CLANG_WARN_COMMA = YES;
				CLANG_WARN_CONSTANT_CONVERSION = YES;
				CLANG_WARN_DEPRECATED_OBJC_IMPLEMENTATIONS = YES;
				CLANG_WARN_DIRECT_OBJC_ISA_USAGE = YES_ERROR;
				CLANG_WARN_DOCUMENTATION_COMMENTS = YES;
				CLANG_WARN_EMPTY_BODY = YES;
				CLANG_WARN_ENUM_CONVERSION = YES;
				CLANG_WARN_INFINITE_RECURSION = YES;
				CLANG_WARN_INT_CONVERSION = YES;
				CLANG_WARN_NON_LITERAL_NULL_CONVERSION = YES;
				CLANG_WARN_OBJC_IMPLICIT_RETAIN_SELF = YES;
				CLANG_WARN_OBJC_LITERAL_CONVERSION = YES;
				CLANG_WARN_OBJC_ROOT_CLASS = YES_ERROR;
				CLANG_WARN_QUOTED_INCLUDE_IN_FRAMEWORK_HEADER = YES;
				CLANG_WARN_RANGE_LOOP_ANALYSIS = YES;
				CLANG_WARN_STRICT_PROTOTYPES = YES;
				CLANG_WARN_SUSPICIOUS_MOVE = YES;
				CLANG_WARN_UNGUARDED_AVAILABILITY = YES_AGGRESSIVE;
				CLANG_WARN_UNREACHABLE_CODE = YES;
				CLANG_WARN__DUPLICATE_METHOD_MATCH = YES;
				COPY_PHASE_STRIP = NO;
				DEAD_CODE_STRIPPING = YES;
				DEBUG_INFORMATION_FORMAT = "dwarf-with-dsym";
				ENABLE_NS_ASSERTIONS = NO;
				ENABLE_STRICT_OBJC_MSGSEND = YES;
				ENABLE_USER_SCRIPT_SANDBOXING = YES;
				GCC_C_LANGUAGE_STANDARD = gnu17;
				GCC_NO_COMMON_BLOCKS = YES;
				GCC_WARN_64_TO_32_BIT_CONVERSION = YES;
				GCC_WARN_ABOUT_RETURN_TYPE = YES_ERROR;
				GCC_WARN_UNDECLARED_SELECTOR = YES;
				GCC_WARN_UNINITIALIZED_AUTOS = YES_AGGRESSIVE;
				GCC_WARN_UNUSED_FUNCTION = YES;
				GCC_WARN_UNUSED_VARIABLE = YES;
				IPHONEOS_DEPLOYMENT_TARGET = 17.0;
				LOCALIZATION_PREFERS_STRING_CATALOGS = YES;
				MACOSX_DEPLOYMENT_TARGET = 14.0;
				MTL_ENABLE_DEBUG_INFO = NO;
				MTL_FAST_MATH = YES;
				SWIFT_COMPILATION_MODE = wholemodule;
				SWIFT_STRICT_CONCURRENCY = complete;
			};
			name = Release;
		};
		66D2126A2AEA905600A2C4CE /* Debug */ = {
			isa = XCBuildConfiguration;
			buildSettings = {
				ASSETCATALOG_COMPILER_APPICON_NAME = AppIcon;
				ASSETCATALOG_COMPILER_GLOBAL_ACCENT_COLOR_NAME = AccentColor;
				CODE_SIGN_ENTITLEMENTS = Ping/Ping.entitlements;
				CODE_SIGN_STYLE = Automatic;
				CURRENT_PROJECT_VERSION = 1;
				DEAD_CODE_STRIPPING = YES;
				DEVELOPMENT_ASSET_PATHS = "\"Ping/Preview Content\"";
				DEVELOPMENT_TEAM = B43ZJ6HHUE;
				ENABLE_HARDENED_RUNTIME = YES;
				ENABLE_PREVIEWS = YES;
				ENABLE_USER_SCRIPT_SANDBOXING = NO;
				GENERATE_INFOPLIST_FILE = YES;
				INFOPLIST_FILE = Ping/Info.plist;
				INFOPLIST_KEY_CFBundleDisplayName = "$(PRODUCT_NAME)";
				INFOPLIST_KEY_LSApplicationCategoryType = "public.app-category.developer-tools";
				"INFOPLIST_KEY_UIApplicationSceneManifest_Generation[sdk=iphoneos*]" = YES;
				"INFOPLIST_KEY_UIApplicationSceneManifest_Generation[sdk=iphonesimulator*]" = YES;
				"INFOPLIST_KEY_UIApplicationSupportsIndirectInputEvents[sdk=iphoneos*]" = YES;
				"INFOPLIST_KEY_UIApplicationSupportsIndirectInputEvents[sdk=iphonesimulator*]" = YES;
				"INFOPLIST_KEY_UILaunchScreen_Generation[sdk=iphoneos*]" = YES;
				"INFOPLIST_KEY_UILaunchScreen_Generation[sdk=iphonesimulator*]" = YES;
				"INFOPLIST_KEY_UIStatusBarStyle[sdk=iphoneos*]" = UIStatusBarStyleDefault;
				"INFOPLIST_KEY_UIStatusBarStyle[sdk=iphonesimulator*]" = UIStatusBarStyleDefault;
				INFOPLIST_KEY_UISupportedInterfaceOrientations = UIInterfaceOrientationPortrait;
				INFOPLIST_KEY_UISupportedInterfaceOrientations_iPad = "UIInterfaceOrientationLandscapeLeft UIInterfaceOrientationLandscapeRight UIInterfaceOrientationPortrait UIInterfaceOrientationPortraitUpsideDown";
				LD_RUNPATH_SEARCH_PATHS = "@executable_path/Frameworks";
				"LD_RUNPATH_SEARCH_PATHS[sdk=macosx*]" = "@executable_path/../Frameworks";
				MARKETING_VERSION = 1.0.0;
				PRODUCT_BUNDLE_IDENTIFIER = "uk.co.adam-young.Ping";
				PRODUCT_NAME = "$(TARGET_NAME)";
				SDKROOT = auto;
				SUPPORTED_PLATFORMS = "iphoneos iphonesimulator macosx";
				SWIFT_EMIT_LOC_STRINGS = YES;
				SWIFT_VERSION = 5.0;
				TARGETED_DEVICE_FAMILY = "1,2";
				VERSIONING_SYSTEM = "apple-generic";
			};
			name = Debug;
		};
		66D2126B2AEA905600A2C4CE /* Release */ = {
			isa = XCBuildConfiguration;
			buildSettings = {
				ASSETCATALOG_COMPILER_APPICON_NAME = AppIcon;
				ASSETCATALOG_COMPILER_GLOBAL_ACCENT_COLOR_NAME = AccentColor;
				CODE_SIGN_ENTITLEMENTS = Ping/Ping.entitlements;
				CODE_SIGN_STYLE = Automatic;
				CURRENT_PROJECT_VERSION = 1;
				DEAD_CODE_STRIPPING = YES;
				DEVELOPMENT_ASSET_PATHS = "\"Ping/Preview Content\"";
				DEVELOPMENT_TEAM = B43ZJ6HHUE;
				ENABLE_HARDENED_RUNTIME = YES;
				ENABLE_PREVIEWS = YES;
				ENABLE_USER_SCRIPT_SANDBOXING = NO;
				GENERATE_INFOPLIST_FILE = YES;
				INFOPLIST_FILE = Ping/Info.plist;
				INFOPLIST_KEY_CFBundleDisplayName = "$(PRODUCT_NAME)";
				INFOPLIST_KEY_LSApplicationCategoryType = "public.app-category.developer-tools";
				"INFOPLIST_KEY_UIApplicationSceneManifest_Generation[sdk=iphoneos*]" = YES;
				"INFOPLIST_KEY_UIApplicationSceneManifest_Generation[sdk=iphonesimulator*]" = YES;
				"INFOPLIST_KEY_UIApplicationSupportsIndirectInputEvents[sdk=iphoneos*]" = YES;
				"INFOPLIST_KEY_UIApplicationSupportsIndirectInputEvents[sdk=iphonesimulator*]" = YES;
				"INFOPLIST_KEY_UILaunchScreen_Generation[sdk=iphoneos*]" = YES;
				"INFOPLIST_KEY_UILaunchScreen_Generation[sdk=iphonesimulator*]" = YES;
				"INFOPLIST_KEY_UIStatusBarStyle[sdk=iphoneos*]" = UIStatusBarStyleDefault;
				"INFOPLIST_KEY_UIStatusBarStyle[sdk=iphonesimulator*]" = UIStatusBarStyleDefault;
				INFOPLIST_KEY_UISupportedInterfaceOrientations = UIInterfaceOrientationPortrait;
				INFOPLIST_KEY_UISupportedInterfaceOrientations_iPad = "UIInterfaceOrientationLandscapeLeft UIInterfaceOrientationLandscapeRight UIInterfaceOrientationPortrait UIInterfaceOrientationPortraitUpsideDown";
				LD_RUNPATH_SEARCH_PATHS = "@executable_path/Frameworks";
				"LD_RUNPATH_SEARCH_PATHS[sdk=macosx*]" = "@executable_path/../Frameworks";
				MARKETING_VERSION = 1.0.0;
				PRODUCT_BUNDLE_IDENTIFIER = "uk.co.adam-young.Ping";
				PRODUCT_NAME = "$(TARGET_NAME)";
				SDKROOT = auto;
				SUPPORTED_PLATFORMS = "iphoneos iphonesimulator macosx";
				SWIFT_EMIT_LOC_STRINGS = YES;
				SWIFT_VERSION = 5.0;
				TARGETED_DEVICE_FAMILY = "1,2";
				VERSIONING_SYSTEM = "apple-generic";
			};
			name = Release;
		};
		66D2126D2AEA905600A2C4CE /* Debug */ = {
			isa = XCBuildConfiguration;
			buildSettings = {
				ALWAYS_EMBED_SWIFT_STANDARD_LIBRARIES = YES;
				BUNDLE_LOADER = "$(TEST_HOST)";
				CODE_SIGN_STYLE = Automatic;
				CURRENT_PROJECT_VERSION = 1;
				DEAD_CODE_STRIPPING = YES;
				DEVELOPMENT_TEAM = B43ZJ6HHUE;
				GENERATE_INFOPLIST_FILE = YES;
				MARKETING_VERSION = 1.0.0;
				PRODUCT_BUNDLE_IDENTIFIER = "uk.co.adam-young.PingTests";
				PRODUCT_NAME = "$(TARGET_NAME)";
				SDKROOT = auto;
				SUPPORTED_PLATFORMS = "iphoneos iphonesimulator macosx";
				SWIFT_EMIT_LOC_STRINGS = NO;
				SWIFT_STRICT_CONCURRENCY = minimal;
				SWIFT_VERSION = 5.0;
				TARGETED_DEVICE_FAMILY = "1,2";
				TEST_HOST = "$(BUILT_PRODUCTS_DIR)/Ping.app/$(BUNDLE_EXECUTABLE_FOLDER_PATH)/Ping";
				VERSIONING_SYSTEM = "apple-generic";
			};
			name = Debug;
		};
		66D2126E2AEA905600A2C4CE /* Release */ = {
			isa = XCBuildConfiguration;
			buildSettings = {
				ALWAYS_EMBED_SWIFT_STANDARD_LIBRARIES = YES;
				BUNDLE_LOADER = "$(TEST_HOST)";
				CODE_SIGN_STYLE = Automatic;
				CURRENT_PROJECT_VERSION = 1;
				DEAD_CODE_STRIPPING = YES;
				DEVELOPMENT_TEAM = B43ZJ6HHUE;
				GENERATE_INFOPLIST_FILE = YES;
				MARKETING_VERSION = 1.0.0;
				PRODUCT_BUNDLE_IDENTIFIER = "uk.co.adam-young.PingTests";
				PRODUCT_NAME = "$(TARGET_NAME)";
				SDKROOT = auto;
				SUPPORTED_PLATFORMS = "iphoneos iphonesimulator macosx";
				SWIFT_EMIT_LOC_STRINGS = NO;
				SWIFT_STRICT_CONCURRENCY = minimal;
				SWIFT_VERSION = 5.0;
				TARGETED_DEVICE_FAMILY = "1,2";
				TEST_HOST = "$(BUILT_PRODUCTS_DIR)/Ping.app/$(BUNDLE_EXECUTABLE_FOLDER_PATH)/Ping";
				VERSIONING_SYSTEM = "apple-generic";
			};
			name = Release;
		};
		66D212702AEA905600A2C4CE /* Debug */ = {
			isa = XCBuildConfiguration;
			buildSettings = {
				ALWAYS_EMBED_SWIFT_STANDARD_LIBRARIES = YES;
				CODE_SIGN_STYLE = Automatic;
				CURRENT_PROJECT_VERSION = 1;
				DEAD_CODE_STRIPPING = YES;
				DEVELOPMENT_TEAM = B43ZJ6HHUE;
				GENERATE_INFOPLIST_FILE = YES;
				MARKETING_VERSION = 1.0.0;
				PRODUCT_BUNDLE_IDENTIFIER = "uk.co.adam-young.PingUITests";
				PRODUCT_NAME = "$(TARGET_NAME)";
				SDKROOT = auto;
				SUPPORTED_PLATFORMS = "iphoneos iphonesimulator macosx";
				SWIFT_EMIT_LOC_STRINGS = NO;
				SWIFT_VERSION = 5.0;
				TARGETED_DEVICE_FAMILY = "1,2";
				TEST_TARGET_NAME = Ping;
				VERSIONING_SYSTEM = "apple-generic";
			};
			name = Debug;
		};
		66D212712AEA905600A2C4CE /* Release */ = {
			isa = XCBuildConfiguration;
			buildSettings = {
				ALWAYS_EMBED_SWIFT_STANDARD_LIBRARIES = YES;
				CODE_SIGN_STYLE = Automatic;
				CURRENT_PROJECT_VERSION = 1;
				DEAD_CODE_STRIPPING = YES;
				DEVELOPMENT_TEAM = B43ZJ6HHUE;
				GENERATE_INFOPLIST_FILE = YES;
				MARKETING_VERSION = 1.0.0;
				PRODUCT_BUNDLE_IDENTIFIER = "uk.co.adam-young.PingUITests";
				PRODUCT_NAME = "$(TARGET_NAME)";
				SDKROOT = auto;
				SUPPORTED_PLATFORMS = "iphoneos iphonesimulator macosx";
				SWIFT_EMIT_LOC_STRINGS = NO;
				SWIFT_VERSION = 5.0;
				TARGETED_DEVICE_FAMILY = "1,2";
				TEST_TARGET_NAME = Ping;
				VERSIONING_SYSTEM = "apple-generic";
			};
			name = Release;
		};
/* End XCBuildConfiguration section */

/* Begin XCConfigurationList section */
		66D2123D2AEA905600A2C4CE /* Build configuration list for PBXProject "Ping" */ = {
			isa = XCConfigurationList;
			buildConfigurations = (
				66D212672AEA905600A2C4CE /* Debug */,
				66D212682AEA905600A2C4CE /* Release */,
			);
			defaultConfigurationIsVisible = 0;
			defaultConfigurationName = Release;
		};
		66D212692AEA905600A2C4CE /* Build configuration list for PBXNativeTarget "Ping" */ = {
			isa = XCConfigurationList;
			buildConfigurations = (
				66D2126A2AEA905600A2C4CE /* Debug */,
				66D2126B2AEA905600A2C4CE /* Release */,
			);
			defaultConfigurationIsVisible = 0;
			defaultConfigurationName = Release;
		};
		66D2126C2AEA905600A2C4CE /* Build configuration list for PBXNativeTarget "PingTests" */ = {
			isa = XCConfigurationList;
			buildConfigurations = (
				66D2126D2AEA905600A2C4CE /* Debug */,
				66D2126E2AEA905600A2C4CE /* Release */,
			);
			defaultConfigurationIsVisible = 0;
			defaultConfigurationName = Release;
		};
		66D2126F2AEA905600A2C4CE /* Build configuration list for PBXNativeTarget "PingUITests" */ = {
			isa = XCConfigurationList;
			buildConfigurations = (
				66D212702AEA905600A2C4CE /* Debug */,
				66D212712AEA905600A2C4CE /* Release */,
			);
			defaultConfigurationIsVisible = 0;
			defaultConfigurationName = Release;
		};
/* End XCConfigurationList section */
	};
	rootObject = 66D2123A2AEA905600A2C4CE /* Project object */;
}
