// !$*UTF8*$!
{
	archiveVersion = 1;
	classes = {
	};
	objectVersion = 56;
	objects = {

/* Begin PBXBuildFile section */
		66049D4C2AF3055E003953C5 /* AddSiteSheetView.swift in Sources */ = {isa = PBXBuildFile; fileRef = 66049D4B2AF3055E003953C5 /* AddSiteSheetView.swift */; };
		6617DA972AED679A0072DC05 /* AddSiteScreen.swift in Sources */ = {isa = PBXBuildFile; fileRef = 6617DA962AED679A0072DC05 /* AddSiteScreen.swift */; };
		6617DA992AED69C90072DC05 /* SiteScreen.swift in Sources */ = {isa = PBXBuildFile; fileRef = 6617DA982AED69C90072DC05 /* SiteScreen.swift */; };
		6617DA9B2AED6A4C0072DC05 /* SummaryScreen.swift in Sources */ = {isa = PBXBuildFile; fileRef = 6617DA9A2AED6A4C0072DC05 /* SummaryScreen.swift */; };
		6617DA9D2AED6B200072DC05 /* UITestCase.swift in Sources */ = {isa = PBXBuildFile; fileRef = 6617DA9C2AED6B200072DC05 /* UITestCase.swift */; };
		6617DAA02AEDC4DF0072DC05 /* NoSitesView.swift in Sources */ = {isa = PBXBuildFile; fileRef = 6617DA9F2AEDC4DF0072DC05 /* NoSitesView.swift */; };
		66180D552AF18ADB00526143 /* CommandLine+Testing.swift in Sources */ = {isa = PBXBuildFile; fileRef = 66180D542AF18ADB00526143 /* CommandLine+Testing.swift */; };
		66180D572AF18C7E00526143 /* AppDelegate.swift in Sources */ = {isa = PBXBuildFile; fileRef = 66180D562AF18C7E00526143 /* AppDelegate.swift */; };
		66180D5A2AF1A89000526143 /* AddSiteFormModel.swift in Sources */ = {isa = PBXBuildFile; fileRef = 66180D592AF1A89000526143 /* AddSiteFormModel.swift */; };
		66180D602AF1C4EE00526143 /* SiteStatusLabel.swift in Sources */ = {isa = PBXBuildFile; fileRef = 66180D5F2AF1C4EE00526143 /* SiteStatusLabel.swift */; };
		666F36962AEB1C0500EE6D41 /* Localizable.xcstrings in Resources */ = {isa = PBXBuildFile; fileRef = 666F36952AEB1C0500EE6D41 /* Localizable.xcstrings */; };
		66B0C05A2AF0657E00E48C58 /* SiteRow.swift in Sources */ = {isa = PBXBuildFile; fileRef = 66B0C0592AF0657E00E48C58 /* SiteRow.swift */; };
		66CC7BE52AEBC96A007BADF2 /* SiteView.swift in Sources */ = {isa = PBXBuildFile; fileRef = 66CC7BE42AEBC96A007BADF2 /* SiteView.swift */; };
		66CC7C222AEBCDAC007BADF2 /* PingKit in Frameworks */ = {isa = PBXBuildFile; productRef = 66CC7C212AEBCDAC007BADF2 /* PingKit */; };
		66CC7C242AEBD295007BADF2 /* AddSiteView.swift in Sources */ = {isa = PBXBuildFile; fileRef = 66CC7C232AEBD295007BADF2 /* AddSiteView.swift */; };
		66CC7C292AEBECD7007BADF2 /* SitesView.swift in Sources */ = {isa = PBXBuildFile; fileRef = 66CC7C282AEBECD7007BADF2 /* SitesView.swift */; };
		66CC7C2C2AEBF2A3007BADF2 /* SummaryView.swift in Sources */ = {isa = PBXBuildFile; fileRef = 66CC7C2B2AEBF2A3007BADF2 /* SummaryView.swift */; };
		66CC7C2E2AEBF310007BADF2 /* MenuItem.swift in Sources */ = {isa = PBXBuildFile; fileRef = 66CC7C2D2AEBF310007BADF2 /* MenuItem.swift */; };
		66CC7C312AEC2464007BADF2 /* Screen.swift in Sources */ = {isa = PBXBuildFile; fileRef = 66CC7C302AEC2464007BADF2 /* Screen.swift */; };
		66CC7C332AEC2488007BADF2 /* SitesScreen.swift in Sources */ = {isa = PBXBuildFile; fileRef = 66CC7C322AEC2488007BADF2 /* SitesScreen.swift */; };
		66D212462AEA905600A2C4CE /* PingApp.swift in Sources */ = {isa = PBXBuildFile; fileRef = 66D212452AEA905600A2C4CE /* PingApp.swift */; };
		66D212482AEA905600A2C4CE /* ContentView.swift in Sources */ = {isa = PBXBuildFile; fileRef = 66D212472AEA905600A2C4CE /* ContentView.swift */; };
		66D212502AEA905600A2C4CE /* Preview Assets.xcassets in Resources */ = {isa = PBXBuildFile; fileRef = 66D2124F2AEA905600A2C4CE /* Preview Assets.xcassets */; };
		66D2125A2AEA905600A2C4CE /* MenuItemTests.swift in Sources */ = {isa = PBXBuildFile; fileRef = 66D212592AEA905600A2C4CE /* MenuItemTests.swift */; };
		66D212642AEA905600A2C4CE /* AddAndRemoveSiteTests.swift in Sources */ = {isa = PBXBuildFile; fileRef = 66D212632AEA905600A2C4CE /* AddAndRemoveSiteTests.swift */; };
		66D212B12AEAF36100A2C4CE /* Assets.xcassets in Resources */ = {isa = PBXBuildFile; fileRef = 66D212B02AEAF36100A2C4CE /* Assets.xcassets */; };
/* End PBXBuildFile section */

/* Begin PBXContainerItemProxy section */
		66D212562AEA905600A2C4CE /* PBXContainerItemProxy */ = {
			isa = PBXContainerItemProxy;
			containerPortal = 66D2123A2AEA905600A2C4CE /* Project object */;
			proxyType = 1;
			remoteGlobalIDString = 66D212412AEA905600A2C4CE;
			remoteInfo = Ping;
		};
		66D212602AEA905600A2C4CE /* PBXContainerItemProxy */ = {
			isa = PBXContainerItemProxy;
			containerPortal = 66D2123A2AEA905600A2C4CE /* Project object */;
			proxyType = 1;
			remoteGlobalIDString = 66D212412AEA905600A2C4CE;
			remoteInfo = Ping;
		};
/* End PBXContainerItemProxy section */

/* Begin PBXFileReference section */
		66049D4B2AF3055E003953C5 /* AddSiteSheetView.swift */ = {isa = PBXFileReference; lastKnownFileType = sourcecode.swift; path = AddSiteSheetView.swift; sourceTree = "<group>"; };
		6617DA962AED679A0072DC05 /* AddSiteScreen.swift */ = {isa = PBXFileReference; lastKnownFileType = sourcecode.swift; path = AddSiteScreen.swift; sourceTree = "<group>"; };
		6617DA982AED69C90072DC05 /* SiteScreen.swift */ = {isa = PBXFileReference; lastKnownFileType = sourcecode.swift; path = SiteScreen.swift; sourceTree = "<group>"; };
		6617DA9A2AED6A4C0072DC05 /* SummaryScreen.swift */ = {isa = PBXFileReference; lastKnownFileType = sourcecode.swift; path = SummaryScreen.swift; sourceTree = "<group>"; };
		6617DA9C2AED6B200072DC05 /* UITestCase.swift */ = {isa = PBXFileReference; lastKnownFileType = sourcecode.swift; path = UITestCase.swift; sourceTree = "<group>"; };
		6617DA9F2AEDC4DF0072DC05 /* NoSitesView.swift */ = {isa = PBXFileReference; lastKnownFileType = sourcecode.swift; path = NoSitesView.swift; sourceTree = "<group>"; };
		66180D542AF18ADB00526143 /* CommandLine+Testing.swift */ = {isa = PBXFileReference; lastKnownFileType = sourcecode.swift; path = "CommandLine+Testing.swift"; sourceTree = "<group>"; };
		66180D562AF18C7E00526143 /* AppDelegate.swift */ = {isa = PBXFileReference; lastKnownFileType = sourcecode.swift; path = AppDelegate.swift; sourceTree = "<group>"; };
		66180D592AF1A89000526143 /* AddSiteFormModel.swift */ = {isa = PBXFileReference; lastKnownFileType = sourcecode.swift; path = AddSiteFormModel.swift; sourceTree = "<group>"; };
		66180D5F2AF1C4EE00526143 /* SiteStatusLabel.swift */ = {isa = PBXFileReference; lastKnownFileType = sourcecode.swift; path = SiteStatusLabel.swift; sourceTree = "<group>"; };
		666F36952AEB1C0500EE6D41 /* Localizable.xcstrings */ = {isa = PBXFileReference; lastKnownFileType = text.json.xcstrings; path = Localizable.xcstrings; sourceTree = "<group>"; };
		666F36982AEB226D00EE6D41 /* .swiftlint.yml */ = {isa = PBXFileReference; fileEncoding = 4; lastKnownFileType = text.yaml; path = .swiftlint.yml; sourceTree = "<group>"; };
		66B0C0592AF0657E00E48C58 /* SiteRow.swift */ = {isa = PBXFileReference; lastKnownFileType = sourcecode.swift; path = SiteRow.swift; sourceTree = "<group>"; };
		66CC7BE42AEBC96A007BADF2 /* SiteView.swift */ = {isa = PBXFileReference; lastKnownFileType = sourcecode.swift; path = SiteView.swift; sourceTree = "<group>"; };
		66CC7C232AEBD295007BADF2 /* AddSiteView.swift */ = {isa = PBXFileReference; lastKnownFileType = sourcecode.swift; path = AddSiteView.swift; sourceTree = "<group>"; };
		66CC7C282AEBECD7007BADF2 /* SitesView.swift */ = {isa = PBXFileReference; fileEncoding = 4; lastKnownFileType = sourcecode.swift; path = SitesView.swift; sourceTree = "<group>"; };
		66CC7C2B2AEBF2A3007BADF2 /* SummaryView.swift */ = {isa = PBXFileReference; lastKnownFileType = sourcecode.swift; path = SummaryView.swift; sourceTree = "<group>"; };
		66CC7C2D2AEBF310007BADF2 /* MenuItem.swift */ = {isa = PBXFileReference; lastKnownFileType = sourcecode.swift; path = MenuItem.swift; sourceTree = "<group>"; };
		66CC7C302AEC2464007BADF2 /* Screen.swift */ = {isa = PBXFileReference; lastKnownFileType = sourcecode.swift; path = Screen.swift; sourceTree = "<group>"; };
		66CC7C322AEC2488007BADF2 /* SitesScreen.swift */ = {isa = PBXFileReference; lastKnownFileType = sourcecode.swift; path = SitesScreen.swift; sourceTree = "<group>"; };
		66D212422AEA905600A2C4CE /* Ping.app */ = {isa = PBXFileReference; explicitFileType = wrapper.application; includeInIndex = 0; path = Ping.app; sourceTree = BUILT_PRODUCTS_DIR; };
		66D212452AEA905600A2C4CE /* PingApp.swift */ = {isa = PBXFileReference; lastKnownFileType = sourcecode.swift; path = PingApp.swift; sourceTree = "<group>"; };
		66D212472AEA905600A2C4CE /* ContentView.swift */ = {isa = PBXFileReference; lastKnownFileType = sourcecode.swift; path = ContentView.swift; sourceTree = "<group>"; };
		66D2124D2AEA905600A2C4CE /* Ping.entitlements */ = {isa = PBXFileReference; lastKnownFileType = text.plist.entitlements; path = Ping.entitlements; sourceTree = "<group>"; };
		66D2124F2AEA905600A2C4CE /* Preview Assets.xcassets */ = {isa = PBXFileReference; lastKnownFileType = folder.assetcatalog; path = "Preview Assets.xcassets"; sourceTree = "<group>"; };
		66D212552AEA905600A2C4CE /* PingTests.xctest */ = {isa = PBXFileReference; explicitFileType = wrapper.cfbundle; includeInIndex = 0; path = PingTests.xctest; sourceTree = BUILT_PRODUCTS_DIR; };
		66D212592AEA905600A2C4CE /* MenuItemTests.swift */ = {isa = PBXFileReference; lastKnownFileType = sourcecode.swift; path = MenuItemTests.swift; sourceTree = "<group>"; };
		66D2125F2AEA905600A2C4CE /* PingUITests.xctest */ = {isa = PBXFileReference; explicitFileType = wrapper.cfbundle; includeInIndex = 0; path = PingUITests.xctest; sourceTree = BUILT_PRODUCTS_DIR; };
		66D212632AEA905600A2C4CE /* AddAndRemoveSiteTests.swift */ = {isa = PBXFileReference; lastKnownFileType = sourcecode.swift; path = AddAndRemoveSiteTests.swift; sourceTree = "<group>"; };
		66D212722AEA925600A2C4CE /* Ping.xctestplan */ = {isa = PBXFileReference; lastKnownFileType = text; path = Ping.xctestplan; sourceTree = "<group>"; };
		66D212732AEA940500A2C4CE /* PingUI.xctestplan */ = {isa = PBXFileReference; lastKnownFileType = text; path = PingUI.xctestplan; sourceTree = "<group>"; };
		66D212B02AEAF36100A2C4CE /* Assets.xcassets */ = {isa = PBXFileReference; lastKnownFileType = folder.assetcatalog; path = Assets.xcassets; sourceTree = "<group>"; };
		66D212B22AEAF37900A2C4CE /* Info.plist */ = {isa = PBXFileReference; lastKnownFileType = text.plist; path = Info.plist; sourceTree = "<group>"; };
		AFDC620C2AEBA0440082E898 /* PingKit */ = {isa = PBXFileReference; lastKnownFileType = wrapper; path = PingKit; sourceTree = "<group>"; };
/* End PBXFileReference section */

/* Begin PBXFrameworksBuildPhase section */
		66D2123F2AEA905600A2C4CE /* Frameworks */ = {
			isa = PBXFrameworksBuildPhase;
			buildActionMask = 2147483647;
			files = (
				66CC7C222AEBCDAC007BADF2 /* PingKit in Frameworks */,
			);
			runOnlyForDeploymentPostprocessing = 0;
		};
		66D212522AEA905600A2C4CE /* Frameworks */ = {
			isa = PBXFrameworksBuildPhase;
			buildActionMask = 2147483647;
			files = (
			);
			runOnlyForDeploymentPostprocessing = 0;
		};
		66D2125C2AEA905600A2C4CE /* Frameworks */ = {
			isa = PBXFrameworksBuildPhase;
			buildActionMask = 2147483647;
			files = (
			);
			runOnlyForDeploymentPostprocessing = 0;
		};
/* End PBXFrameworksBuildPhase section */

/* Begin PBXGroup section */
		6617DA9E2AED6B3B0072DC05 /* Utils */ = {
			isa = PBXGroup;
			children = (
				6617DA9C2AED6B200072DC05 /* UITestCase.swift */,
			);
			path = Utils;
			sourceTree = "<group>";
		};
		66180D582AF18E0000526143 /* Testing */ = {
			isa = PBXGroup;
			children = (
				66180D542AF18ADB00526143 /* CommandLine+Testing.swift */,
			);
			path = Testing;
			sourceTree = "<group>";
		};
		66180D5E2AF1C4D600526143 /* Shared */ = {
			isa = PBXGroup;
			children = (
				66180D5F2AF1C4EE00526143 /* SiteStatusLabel.swift */,
			);
			path = Shared;
			sourceTree = "<group>";
		};
		66CC7BE32AEBC961007BADF2 /* Site */ = {
			isa = PBXGroup;
			children = (
				66CC7BE42AEBC96A007BADF2 /* SiteView.swift */,
			);
			path = Site;
			sourceTree = "<group>";
		};
		66CC7C202AEBCDAC007BADF2 /* Frameworks */ = {
			isa = PBXGroup;
			children = (
			);
			name = Frameworks;
			sourceTree = "<group>";
		};
		66CC7C252AEBD2AE007BADF2 /* AddSite */ = {
			isa = PBXGroup;
			children = (
				66049D4B2AF3055E003953C5 /* AddSiteSheetView.swift */,
				66CC7C232AEBD295007BADF2 /* AddSiteView.swift */,
				66180D592AF1A89000526143 /* AddSiteFormModel.swift */,
			);
			path = AddSite;
			sourceTree = "<group>";
		};
		66CC7C272AEBECD7007BADF2 /* Sites */ = {
			isa = PBXGroup;
			children = (
				66CC7C282AEBECD7007BADF2 /* SitesView.swift */,
				6617DA9F2AEDC4DF0072DC05 /* NoSitesView.swift */,
				66B0C0592AF0657E00E48C58 /* SiteRow.swift */,
			);
			path = Sites;
			sourceTree = "<group>";
		};
		66CC7C2A2AEBF296007BADF2 /* Summary */ = {
			isa = PBXGroup;
			children = (
				66CC7C2B2AEBF2A3007BADF2 /* SummaryView.swift */,
			);
			path = Summary;
			sourceTree = "<group>";
		};
		66CC7C2F2AEC2451007BADF2 /* Screens */ = {
			isa = PBXGroup;
			children = (
				66CC7C302AEC2464007BADF2 /* Screen.swift */,
				66CC7C322AEC2488007BADF2 /* SitesScreen.swift */,
				6617DA962AED679A0072DC05 /* AddSiteScreen.swift */,
				6617DA9A2AED6A4C0072DC05 /* SummaryScreen.swift */,
				6617DA982AED69C90072DC05 /* SiteScreen.swift */,
			);
			path = Screens;
			sourceTree = "<group>";
		};
		66D212392AEA905600A2C4CE = {
			isa = PBXGroup;
			children = (
				66D212442AEA905600A2C4CE /* Ping */,
				AFDC620B2AEBA0110082E898 /* Packages */,
				66D212582AEA905600A2C4CE /* PingTests */,
				66D212622AEA905600A2C4CE /* PingUITests */,
				66D212722AEA925600A2C4CE /* Ping.xctestplan */,
				66D212732AEA940500A2C4CE /* PingUI.xctestplan */,
				666F36982AEB226D00EE6D41 /* .swiftlint.yml */,
				66D212432AEA905600A2C4CE /* Products */,
				66CC7C202AEBCDAC007BADF2 /* Frameworks */,
			);
			sourceTree = "<group>";
		};
		66D212432AEA905600A2C4CE /* Products */ = {
			isa = PBXGroup;
			children = (
				66D212422AEA905600A2C4CE /* Ping.app */,
				66D212552AEA905600A2C4CE /* PingTests.xctest */,
				66D2125F2AEA905600A2C4CE /* PingUITests.xctest */,
			);
			name = Products;
			sourceTree = "<group>";
		};
		66D212442AEA905600A2C4CE /* Ping */ = {
			isa = PBXGroup;
			children = (
				66D212452AEA905600A2C4CE /* PingApp.swift */,
				66180D562AF18C7E00526143 /* AppDelegate.swift */,
				66D212472AEA905600A2C4CE /* ContentView.swift */,
				66CC7C2D2AEBF310007BADF2 /* MenuItem.swift */,
				66CC7C272AEBECD7007BADF2 /* Sites */,
				66CC7C2A2AEBF296007BADF2 /* Summary */,
				66CC7C252AEBD2AE007BADF2 /* AddSite */,
				66CC7BE32AEBC961007BADF2 /* Site */,
				66180D5E2AF1C4D600526143 /* Shared */,
				66D212AF2AEAF36100A2C4CE /* Resources */,
				66180D582AF18E0000526143 /* Testing */,
				66D2124D2AEA905600A2C4CE /* Ping.entitlements */,
				66D212B22AEAF37900A2C4CE /* Info.plist */,
				66D2124E2AEA905600A2C4CE /* Preview Content */,
			);
			path = Ping;
			sourceTree = "<group>";
		};
		66D2124E2AEA905600A2C4CE /* Preview Content */ = {
			isa = PBXGroup;
			children = (
				66D2124F2AEA905600A2C4CE /* Preview Assets.xcassets */,
			);
			path = "Preview Content";
			sourceTree = "<group>";
		};
		66D212582AEA905600A2C4CE /* PingTests */ = {
			isa = PBXGroup;
			children = (
				66D212592AEA905600A2C4CE /* MenuItemTests.swift */,
			);
			path = PingTests;
			sourceTree = "<group>";
		};
		66D212622AEA905600A2C4CE /* PingUITests */ = {
			isa = PBXGroup;
			children = (
				6617DA9E2AED6B3B0072DC05 /* Utils */,
				66CC7C2F2AEC2451007BADF2 /* Screens */,
				66D212632AEA905600A2C4CE /* AddAndRemoveSiteTests.swift */,
			);
			path = PingUITests;
			sourceTree = "<group>";
		};
		66D212AF2AEAF36100A2C4CE /* Resources */ = {
			isa = PBXGroup;
			children = (
				66D212B02AEAF36100A2C4CE /* Assets.xcassets */,
				666F36952AEB1C0500EE6D41 /* Localizable.xcstrings */,
			);
			path = Resources;
			sourceTree = "<group>";
		};
		AFDC620B2AEBA0110082E898 /* Packages */ = {
			isa = PBXGroup;
			children = (
				AFDC620C2AEBA0440082E898 /* PingKit */,
			);
			path = Packages;
			sourceTree = "<group>";
		};
/* End PBXGroup section */

/* Begin PBXNativeTarget section */
		66D212412AEA905600A2C4CE /* Ping */ = {
			isa = PBXNativeTarget;
			buildConfigurationList = 66D212692AEA905600A2C4CE /* Build configuration list for PBXNativeTarget "Ping" */;
			buildPhases = (
				666F36972AEB20CE00EE6D41 /* Lint */,
				66D2123E2AEA905600A2C4CE /* Sources */,
				66D2123F2AEA905600A2C4CE /* Frameworks */,
				66D212402AEA905600A2C4CE /* Resources */,
			);
			buildRules = (
			);
			dependencies = (
			);
			name = Ping;
			packageProductDependencies = (
				66CC7C212AEBCDAC007BADF2 /* PingKit */,
			);
			productName = Ping;
			productReference = 66D212422AEA905600A2C4CE /* Ping.app */;
			productType = "com.apple.product-type.application";
		};
		66D212542AEA905600A2C4CE /* PingTests */ = {
			isa = PBXNativeTarget;
			buildConfigurationList = 66D2126C2AEA905600A2C4CE /* Build configuration list for PBXNativeTarget "PingTests" */;
			buildPhases = (
				66D212512AEA905600A2C4CE /* Sources */,
				66D212522AEA905600A2C4CE /* Frameworks */,
				66D212532AEA905600A2C4CE /* Resources */,
			);
			buildRules = (
			);
			dependencies = (
				66D212572AEA905600A2C4CE /* PBXTargetDependency */,
			);
			name = PingTests;
			productName = PingTests;
			productReference = 66D212552AEA905600A2C4CE /* PingTests.xctest */;
			productType = "com.apple.product-type.bundle.unit-test";
		};
		66D2125E2AEA905600A2C4CE /* PingUITests */ = {
			isa = PBXNativeTarget;
			buildConfigurationList = 66D2126F2AEA905600A2C4CE /* Build configuration list for PBXNativeTarget "PingUITests" */;
			buildPhases = (
				66D2125B2AEA905600A2C4CE /* Sources */,
				66D2125C2AEA905600A2C4CE /* Frameworks */,
				66D2125D2AEA905600A2C4CE /* Resources */,
			);
			buildRules = (
			);
			dependencies = (
				66D212612AEA905600A2C4CE /* PBXTargetDependency */,
			);
			name = PingUITests;
			productName = PingUITests;
			productReference = 66D2125F2AEA905600A2C4CE /* PingUITests.xctest */;
			productType = "com.apple.product-type.bundle.ui-testing";
		};
/* End PBXNativeTarget section */

/* Begin PBXProject section */
		66D2123A2AEA905600A2C4CE /* Project object */ = {
			isa = PBXProject;
			attributes = {
				BuildIndependentTargetsInParallel = 1;
				LastSwiftUpdateCheck = 1500;
				LastUpgradeCheck = 1500;
				TargetAttributes = {
					66D212412AEA905600A2C4CE = {
						CreatedOnToolsVersion = 15.0.1;
					};
					66D212542AEA905600A2C4CE = {
						CreatedOnToolsVersion = 15.0.1;
						TestTargetID = 66D212412AEA905600A2C4CE;
					};
					66D2125E2AEA905600A2C4CE = {
						CreatedOnToolsVersion = 15.0.1;
						TestTargetID = 66D212412AEA905600A2C4CE;
					};
				};
			};
			buildConfigurationList = 66D2123D2AEA905600A2C4CE /* Build configuration list for PBXProject "Ping" */;
			compatibilityVersion = "Xcode 14.0";
			developmentRegion = en;
			hasScannedForEncodings = 0;
			knownRegions = (
				en,
				Base,
			);
			mainGroup = 66D212392AEA905600A2C4CE;
			productRefGroup = 66D212432AEA905600A2C4CE /* Products */;
			projectDirPath = "";
			projectRoot = "";
			targets = (
				66D212412AEA905600A2C4CE /* Ping */,
				66D212542AEA905600A2C4CE /* PingTests */,
				66D2125E2AEA905600A2C4CE /* PingUITests */,
			);
		};
/* End PBXProject section */

/* Begin PBXResourcesBuildPhase section */
		66D212402AEA905600A2C4CE /* Resources */ = {
			isa = PBXResourcesBuildPhase;
			buildActionMask = 2147483647;
			files = (
				66D212B12AEAF36100A2C4CE /* Assets.xcassets in Resources */,
				66D212502AEA905600A2C4CE /* Preview Assets.xcassets in Resources */,
				666F36962AEB1C0500EE6D41 /* Localizable.xcstrings in Resources */,
			);
			runOnlyForDeploymentPostprocessing = 0;
		};
		66D212532AEA905600A2C4CE /* Resources */ = {
			isa = PBXResourcesBuildPhase;
			buildActionMask = 2147483647;
			files = (
			);
			runOnlyForDeploymentPostprocessing = 0;
		};
		66D2125D2AEA905600A2C4CE /* Resources */ = {
			isa = PBXResourcesBuildPhase;
			buildActionMask = 2147483647;
			files = (
			);
			runOnlyForDeploymentPostprocessing = 0;
		};
/* End PBXResourcesBuildPhase section */

/* Begin PBXShellScriptBuildPhase section */
		666F36972AEB20CE00EE6D41 /* Lint */ = {
			isa = PBXShellScriptBuildPhase;
			alwaysOutOfDate = 1;
			buildActionMask = 2147483647;
			files = (
			);
			inputFileListPaths = (
			);
			inputPaths = (
			);
			name = Lint;
			outputFileListPaths = (
			);
			outputPaths = (
			);
			runOnlyForDeploymentPostprocessing = 0;
			shellPath = /bin/sh;
			shellScript = "export PATH=\"$PATH:/opt/homebrew/bin\"\n\nif [[ -z $CI ]]; then\n  if which swiftlint >/dev/null; then\n    swiftlint\n  else\n    echo \"warning: SwiftLint not installed, download from https://github.com/realm/SwiftLint\"\n  fi\nfi\n";
		};
/* End PBXShellScriptBuildPhase section */

/* Begin PBXSourcesBuildPhase section */
		66D2123E2AEA905600A2C4CE /* Sources */ = {
			isa = PBXSourcesBuildPhase;
			buildActionMask = 2147483647;
			files = (
				66180D572AF18C7E00526143 /* AppDelegate.swift in Sources */,
				66CC7BE52AEBC96A007BADF2 /* SiteView.swift in Sources */,
				66CC7C2E2AEBF310007BADF2 /* MenuItem.swift in Sources */,
				66CC7C242AEBD295007BADF2 /* AddSiteView.swift in Sources */,
				66180D602AF1C4EE00526143 /* SiteStatusLabel.swift in Sources */,
				66180D552AF18ADB00526143 /* CommandLine+Testing.swift in Sources */,
				66CC7C292AEBECD7007BADF2 /* SitesView.swift in Sources */,
				66049D4C2AF3055E003953C5 /* AddSiteSheetView.swift in Sources */,
				6617DAA02AEDC4DF0072DC05 /* NoSitesView.swift in Sources */,
				66D212482AEA905600A2C4CE /* ContentView.swift in Sources */,
				66D212462AEA905600A2C4CE /* PingApp.swift in Sources */,
				66CC7C2C2AEBF2A3007BADF2 /* SummaryView.swift in Sources */,
				66B0C05A2AF0657E00E48C58 /* SiteRow.swift in Sources */,
				66180D5A2AF1A89000526143 /* AddSiteFormModel.swift in Sources */,
			);
			runOnlyForDeploymentPostprocessing = 0;
		};
		66D212512AEA905600A2C4CE /* Sources */ = {
			isa = PBXSourcesBuildPhase;
			buildActionMask = 2147483647;
			files = (
				66D2125A2AEA905600A2C4CE /* MenuItemTests.swift in Sources */,
			);
			runOnlyForDeploymentPostprocessing = 0;
		};
		66D2125B2AEA905600A2C4CE /* Sources */ = {
			isa = PBXSourcesBuildPhase;
			buildActionMask = 2147483647;
			files = (
				66CC7C332AEC2488007BADF2 /* SitesScreen.swift in Sources */,
				6617DA992AED69C90072DC05 /* SiteScreen.swift in Sources */,
				66D212642AEA905600A2C4CE /* AddAndRemoveSiteTests.swift in Sources */,
				6617DA9B2AED6A4C0072DC05 /* SummaryScreen.swift in Sources */,
				6617DA9D2AED6B200072DC05 /* UITestCase.swift in Sources */,
				66CC7C312AEC2464007BADF2 /* Screen.swift in Sources */,
				6617DA972AED679A0072DC05 /* AddSiteScreen.swift in Sources */,
			);
			runOnlyForDeploymentPostprocessing = 0;
		};
/* End PBXSourcesBuildPhase section */

/* Begin PBXTargetDependency section */
		66D212572AEA905600A2C4CE /* PBXTargetDependency */ = {
			isa = PBXTargetDependency;
			target = 66D212412AEA905600A2C4CE /* Ping */;
			targetProxy = 66D212562AEA905600A2C4CE /* PBXContainerItemProxy */;
		};
		66D212612AEA905600A2C4CE /* PBXTargetDependency */ = {
			isa = PBXTargetDependency;
			target = 66D212412AEA905600A2C4CE /* Ping */;
			targetProxy = 66D212602AEA905600A2C4CE /* PBXContainerItemProxy */;
		};
/* End PBXTargetDependency section */

/* Begin XCBuildConfiguration section */
		66D212672AEA905600A2C4CE /* Debug */ = {
			isa = XCBuildConfiguration;
			buildSettings = {
				ALWAYS_SEARCH_USER_PATHS = NO;
				ASSETCATALOG_COMPILER_GENERATE_SWIFT_ASSET_SYMBOL_EXTENSIONS = YES;
				CLANG_ANALYZER_NONNULL = YES;
				CLANG_ANALYZER_NUMBER_OBJECT_CONVERSION = YES_AGGRESSIVE;
				CLANG_CXX_LANGUAGE_STANDARD = "gnu++20";
				CLANG_ENABLE_MODULES = YES;
				CLANG_ENABLE_OBJC_ARC = YES;
				CLANG_ENABLE_OBJC_WEAK = YES;
				CLANG_WARN_BLOCK_CAPTURE_AUTORELEASING = YES;
				CLANG_WARN_BOOL_CONVERSION = YES;
				CLANG_WARN_COMMA = YES;
				CLANG_WARN_CONSTANT_CONVERSION = YES;
				CLANG_WARN_DEPRECATED_OBJC_IMPLEMENTATIONS = YES;
				CLANG_WARN_DIRECT_OBJC_ISA_USAGE = YES_ERROR;
				CLANG_WARN_DOCUMENTATION_COMMENTS = YES;
				CLANG_WARN_EMPTY_BODY = YES;
				CLANG_WARN_ENUM_CONVERSION = YES;
				CLANG_WARN_INFINITE_RECURSION = YES;
				CLANG_WARN_INT_CONVERSION = YES;
				CLANG_WARN_NON_LITERAL_NULL_CONVERSION = YES;
				CLANG_WARN_OBJC_IMPLICIT_RETAIN_SELF = YES;
				CLANG_WARN_OBJC_LITERAL_CONVERSION = YES;
				CLANG_WARN_OBJC_ROOT_CLASS = YES_ERROR;
				CLANG_WARN_QUOTED_INCLUDE_IN_FRAMEWORK_HEADER = YES;
				CLANG_WARN_RANGE_LOOP_ANALYSIS = YES;
				CLANG_WARN_STRICT_PROTOTYPES = YES;
				CLANG_WARN_SUSPICIOUS_MOVE = YES;
				CLANG_WARN_UNGUARDED_AVAILABILITY = YES_AGGRESSIVE;
				CLANG_WARN_UNREACHABLE_CODE = YES;
				CLANG_WARN__DUPLICATE_METHOD_MATCH = YES;
				COPY_PHASE_STRIP = NO;
				DEBUG_INFORMATION_FORMAT = dwarf;
				ENABLE_STRICT_OBJC_MSGSEND = YES;
				ENABLE_TESTABILITY = YES;
				ENABLE_USER_SCRIPT_SANDBOXING = YES;
				GCC_C_LANGUAGE_STANDARD = gnu17;
				GCC_DYNAMIC_NO_PIC = NO;
				GCC_NO_COMMON_BLOCKS = YES;
				GCC_OPTIMIZATION_LEVEL = 0;
				GCC_PREPROCESSOR_DEFINITIONS = (
					"DEBUG=1",
					"$(inherited)",
				);
				GCC_WARN_64_TO_32_BIT_CONVERSION = YES;
				GCC_WARN_ABOUT_RETURN_TYPE = YES_ERROR;
				GCC_WARN_UNDECLARED_SELECTOR = YES;
				GCC_WARN_UNINITIALIZED_AUTOS = YES_AGGRESSIVE;
				GCC_WARN_UNUSED_FUNCTION = YES;
				GCC_WARN_UNUSED_VARIABLE = YES;
				IPHONEOS_DEPLOYMENT_TARGET = 17.0;
				LOCALIZATION_PREFERS_STRING_CATALOGS = YES;
				MACOSX_DEPLOYMENT_TARGET = 14.0;
				MTL_ENABLE_DEBUG_INFO = INCLUDE_SOURCE;
				MTL_FAST_MATH = YES;
				ONLY_ACTIVE_ARCH = YES;
				SWIFT_ACTIVE_COMPILATION_CONDITIONS = "DEBUG $(inherited)";
				SWIFT_OPTIMIZATION_LEVEL = "-Onone";
			};
			name = Debug;
		};
		66D212682AEA905600A2C4CE /* Release */ = {
			isa = XCBuildConfiguration;
			buildSettings = {
				ALWAYS_SEARCH_USER_PATHS = NO;
				ASSETCATALOG_COMPILER_GENERATE_SWIFT_ASSET_SYMBOL_EXTENSIONS = YES;
				CLANG_ANALYZER_NONNULL = YES;
				CLANG_ANALYZER_NUMBER_OBJECT_CONVERSION = YES_AGGRESSIVE;
				CLANG_CXX_LANGUAGE_STANDARD = "gnu++20";
				CLANG_ENABLE_MODULES = YES;
				CLANG_ENABLE_OBJC_ARC = YES;
				CLANG_ENABLE_OBJC_WEAK = YES;
				CLANG_WARN_BLOCK_CAPTURE_AUTORELEASING = YES;
				CLANG_WARN_BOOL_CONVERSION = YES;
				CLANG_WARN_COMMA = YES;
				CLANG_WARN_CONSTANT_CONVERSION = YES;
				CLANG_WARN_DEPRECATED_OBJC_IMPLEMENTATIONS = YES;
				CLANG_WARN_DIRECT_OBJC_ISA_USAGE = YES_ERROR;
				CLANG_WARN_DOCUMENTATION_COMMENTS = YES;
				CLANG_WARN_EMPTY_BODY = YES;
				CLANG_WARN_ENUM_CONVERSION = YES;
				CLANG_WARN_INFINITE_RECURSION = YES;
				CLANG_WARN_INT_CONVERSION = YES;
				CLANG_WARN_NON_LITERAL_NULL_CONVERSION = YES;
				CLANG_WARN_OBJC_IMPLICIT_RETAIN_SELF = YES;
				CLANG_WARN_OBJC_LITERAL_CONVERSION = YES;
				CLANG_WARN_OBJC_ROOT_CLASS = YES_ERROR;
				CLANG_WARN_QUOTED_INCLUDE_IN_FRAMEWORK_HEADER = YES;
				CLANG_WARN_RANGE_LOOP_ANALYSIS = YES;
				CLANG_WARN_STRICT_PROTOTYPES = YES;
				CLANG_WARN_SUSPICIOUS_MOVE = YES;
				CLANG_WARN_UNGUARDED_AVAILABILITY = YES_AGGRESSIVE;
				CLANG_WARN_UNREACHABLE_CODE = YES;
				CLANG_WARN__DUPLICATE_METHOD_MATCH = YES;
				COPY_PHASE_STRIP = NO;
				DEBUG_INFORMATION_FORMAT = "dwarf-with-dsym";
				ENABLE_NS_ASSERTIONS = NO;
				ENABLE_STRICT_OBJC_MSGSEND = YES;
				ENABLE_USER_SCRIPT_SANDBOXING = YES;
				GCC_C_LANGUAGE_STANDARD = gnu17;
				GCC_NO_COMMON_BLOCKS = YES;
				GCC_WARN_64_TO_32_BIT_CONVERSION = YES;
				GCC_WARN_ABOUT_RETURN_TYPE = YES_ERROR;
				GCC_WARN_UNDECLARED_SELECTOR = YES;
				GCC_WARN_UNINITIALIZED_AUTOS = YES_AGGRESSIVE;
				GCC_WARN_UNUSED_FUNCTION = YES;
				GCC_WARN_UNUSED_VARIABLE = YES;
				IPHONEOS_DEPLOYMENT_TARGET = 17.0;
				LOCALIZATION_PREFERS_STRING_CATALOGS = YES;
				MACOSX_DEPLOYMENT_TARGET = 14.0;
				MTL_ENABLE_DEBUG_INFO = NO;
				MTL_FAST_MATH = YES;
				SWIFT_COMPILATION_MODE = wholemodule;
			};
			name = Release;
		};
		66D2126A2AEA905600A2C4CE /* Debug */ = {
			isa = XCBuildConfiguration;
			buildSettings = {
				ASSETCATALOG_COMPILER_APPICON_NAME = AppIcon;
				ASSETCATALOG_COMPILER_GLOBAL_ACCENT_COLOR_NAME = AccentColor;
				CODE_SIGN_ENTITLEMENTS = Ping/Ping.entitlements;
				CODE_SIGN_STYLE = Automatic;
				CURRENT_PROJECT_VERSION = 1;
				DEVELOPMENT_ASSET_PATHS = "\"Ping/Preview Content\"";
				DEVELOPMENT_TEAM = B43ZJ6HHUE;
				ENABLE_HARDENED_RUNTIME = YES;
				ENABLE_PREVIEWS = YES;
				ENABLE_USER_SCRIPT_SANDBOXING = NO;
				GENERATE_INFOPLIST_FILE = YES;
				INFOPLIST_FILE = Ping/Info.plist;
				INFOPLIST_KEY_CFBundleDisplayName = Ping;
				INFOPLIST_KEY_LSApplicationCategoryType = "public.app-category.developer-tools";
				"INFOPLIST_KEY_UIApplicationSceneManifest_Generation[sdk=iphoneos*]" = YES;
				"INFOPLIST_KEY_UIApplicationSceneManifest_Generation[sdk=iphonesimulator*]" = YES;
				"INFOPLIST_KEY_UIApplicationSupportsIndirectInputEvents[sdk=iphoneos*]" = YES;
				"INFOPLIST_KEY_UIApplicationSupportsIndirectInputEvents[sdk=iphonesimulator*]" = YES;
				"INFOPLIST_KEY_UILaunchScreen_Generation[sdk=iphoneos*]" = YES;
				"INFOPLIST_KEY_UILaunchScreen_Generation[sdk=iphonesimulator*]" = YES;
				"INFOPLIST_KEY_UIStatusBarStyle[sdk=iphoneos*]" = UIStatusBarStyleDefault;
				"INFOPLIST_KEY_UIStatusBarStyle[sdk=iphonesimulator*]" = UIStatusBarStyleDefault;
				INFOPLIST_KEY_UISupportedInterfaceOrientations = UIInterfaceOrientationPortrait;
				INFOPLIST_KEY_UISupportedInterfaceOrientations_iPad = "UIInterfaceOrientationLandscapeLeft UIInterfaceOrientationLandscapeRight UIInterfaceOrientationPortrait UIInterfaceOrientationPortraitUpsideDown";
				LD_RUNPATH_SEARCH_PATHS = "@executable_path/Frameworks";
				"LD_RUNPATH_SEARCH_PATHS[sdk=macosx*]" = "@executable_path/../Frameworks";
				MARKETING_VERSION = 1.0.0;
				PRODUCT_BUNDLE_IDENTIFIER = "uk.co.adam-young.Ping";
				PRODUCT_NAME = "$(TARGET_NAME)";
				SDKROOT = auto;
				SUPPORTED_PLATFORMS = "iphoneos iphonesimulator macosx";
				SWIFT_EMIT_LOC_STRINGS = YES;
				SWIFT_VERSION = 5.0;
				TARGETED_DEVICE_FAMILY = "1,2";
				VERSIONING_SYSTEM = "apple-generic";
			};
			name = Debug;
		};
		66D2126B2AEA905600A2C4CE /* Release */ = {
			isa = XCBuildConfiguration;
			buildSettings = {
				ASSETCATALOG_COMPILER_APPICON_NAME = AppIcon;
				ASSETCATALOG_COMPILER_GLOBAL_ACCENT_COLOR_NAME = AccentColor;
				CODE_SIGN_ENTITLEMENTS = Ping/Ping.entitlements;
				CODE_SIGN_STYLE = Automatic;
				CURRENT_PROJECT_VERSION = 1;
				DEVELOPMENT_ASSET_PATHS = "\"Ping/Preview Content\"";
				DEVELOPMENT_TEAM = B43ZJ6HHUE;
				ENABLE_HARDENED_RUNTIME = YES;
				ENABLE_PREVIEWS = YES;
				ENABLE_USER_SCRIPT_SANDBOXING = NO;
				GENERATE_INFOPLIST_FILE = YES;
				INFOPLIST_FILE = Ping/Info.plist;
				INFOPLIST_KEY_CFBundleDisplayName = Ping;
				INFOPLIST_KEY_LSApplicationCategoryType = "public.app-category.developer-tools";
				"INFOPLIST_KEY_UIApplicationSceneManifest_Generation[sdk=iphoneos*]" = YES;
				"INFOPLIST_KEY_UIApplicationSceneManifest_Generation[sdk=iphonesimulator*]" = YES;
				"INFOPLIST_KEY_UIApplicationSupportsIndirectInputEvents[sdk=iphoneos*]" = YES;
				"INFOPLIST_KEY_UIApplicationSupportsIndirectInputEvents[sdk=iphonesimulator*]" = YES;
				"INFOPLIST_KEY_UILaunchScreen_Generation[sdk=iphoneos*]" = YES;
				"INFOPLIST_KEY_UILaunchScreen_Generation[sdk=iphonesimulator*]" = YES;
				"INFOPLIST_KEY_UIStatusBarStyle[sdk=iphoneos*]" = UIStatusBarStyleDefault;
				"INFOPLIST_KEY_UIStatusBarStyle[sdk=iphonesimulator*]" = UIStatusBarStyleDefault;
				INFOPLIST_KEY_UISupportedInterfaceOrientations = UIInterfaceOrientationPortrait;
				INFOPLIST_KEY_UISupportedInterfaceOrientations_iPad = "UIInterfaceOrientationLandscapeLeft UIInterfaceOrientationLandscapeRight UIInterfaceOrientationPortrait UIInterfaceOrientationPortraitUpsideDown";
				LD_RUNPATH_SEARCH_PATHS = "@executable_path/Frameworks";
				"LD_RUNPATH_SEARCH_PATHS[sdk=macosx*]" = "@executable_path/../Frameworks";
				MARKETING_VERSION = 1.0.0;
				PRODUCT_BUNDLE_IDENTIFIER = "uk.co.adam-young.Ping";
				PRODUCT_NAME = "$(TARGET_NAME)";
				SDKROOT = auto;
				SUPPORTED_PLATFORMS = "iphoneos iphonesimulator macosx";
				SWIFT_EMIT_LOC_STRINGS = YES;
				SWIFT_VERSION = 5.0;
				TARGETED_DEVICE_FAMILY = "1,2";
				VERSIONING_SYSTEM = "apple-generic";
			};
			name = Release;
		};
		66D2126D2AEA905600A2C4CE /* Debug */ = {
			isa = XCBuildConfiguration;
			buildSettings = {
				ALWAYS_EMBED_SWIFT_STANDARD_LIBRARIES = YES;
				BUNDLE_LOADER = "$(TEST_HOST)";
				CODE_SIGN_STYLE = Automatic;
				CURRENT_PROJECT_VERSION = 1;
				DEVELOPMENT_TEAM = B43ZJ6HHUE;
				GENERATE_INFOPLIST_FILE = YES;
				MARKETING_VERSION = 1.0.0;
				PRODUCT_BUNDLE_IDENTIFIER = "uk.co.adam-young.PingTests";
				PRODUCT_NAME = "$(TARGET_NAME)";
				SDKROOT = auto;
				SUPPORTED_PLATFORMS = "iphoneos iphonesimulator macosx";
				SWIFT_EMIT_LOC_STRINGS = NO;
				SWIFT_VERSION = 5.0;
				TARGETED_DEVICE_FAMILY = "1,2";
				TEST_HOST = "$(BUILT_PRODUCTS_DIR)/Ping.app/$(BUNDLE_EXECUTABLE_FOLDER_PATH)/Ping";
				VERSIONING_SYSTEM = "apple-generic";
			};
			name = Debug;
		};
		66D2126E2AEA905600A2C4CE /* Release */ = {
			isa = XCBuildConfiguration;
			buildSettings = {
				ALWAYS_EMBED_SWIFT_STANDARD_LIBRARIES = YES;
				BUNDLE_LOADER = "$(TEST_HOST)";
				CODE_SIGN_STYLE = Automatic;
				CURRENT_PROJECT_VERSION = 1;
				DEVELOPMENT_TEAM = B43ZJ6HHUE;
				GENERATE_INFOPLIST_FILE = YES;
				MARKETING_VERSION = 1.0.0;
				PRODUCT_BUNDLE_IDENTIFIER = "uk.co.adam-young.PingTests";
				PRODUCT_NAME = "$(TARGET_NAME)";
				SDKROOT = auto;
				SUPPORTED_PLATFORMS = "iphoneos iphonesimulator macosx";
				SWIFT_EMIT_LOC_STRINGS = NO;
				SWIFT_VERSION = 5.0;
				TARGETED_DEVICE_FAMILY = "1,2";
				TEST_HOST = "$(BUILT_PRODUCTS_DIR)/Ping.app/$(BUNDLE_EXECUTABLE_FOLDER_PATH)/Ping";
				VERSIONING_SYSTEM = "apple-generic";
			};
			name = Release;
		};
		66D212702AEA905600A2C4CE /* Debug */ = {
			isa = XCBuildConfiguration;
			buildSettings = {
				ALWAYS_EMBED_SWIFT_STANDARD_LIBRARIES = YES;
				CODE_SIGN_STYLE = Automatic;
				CURRENT_PROJECT_VERSION = 1;
				DEVELOPMENT_TEAM = B43ZJ6HHUE;
				GENERATE_INFOPLIST_FILE = YES;
				MARKETING_VERSION = 1.0.0;
				PRODUCT_BUNDLE_IDENTIFIER = "uk.co.adam-young.PingUITests";
				PRODUCT_NAME = "$(TARGET_NAME)";
				SDKROOT = auto;
				SUPPORTED_PLATFORMS = "iphoneos iphonesimulator macosx";
				SWIFT_EMIT_LOC_STRINGS = NO;
				SWIFT_VERSION = 5.0;
				TARGETED_DEVICE_FAMILY = "1,2";
				TEST_TARGET_NAME = Ping;
				VERSIONING_SYSTEM = "apple-generic";
			};
			name = Debug;
		};
		66D212712AEA905600A2C4CE /* Release */ = {
			isa = XCBuildConfiguration;
			buildSettings = {
				ALWAYS_EMBED_SWIFT_STANDARD_LIBRARIES = YES;
				CODE_SIGN_STYLE = Automatic;
				CURRENT_PROJECT_VERSION = 1;
				DEVELOPMENT_TEAM = B43ZJ6HHUE;
				GENERATE_INFOPLIST_FILE = YES;
				MARKETING_VERSION = 1.0.0;
				PRODUCT_BUNDLE_IDENTIFIER = "uk.co.adam-young.PingUITests";
				PRODUCT_NAME = "$(TARGET_NAME)";
				SDKROOT = auto;
				SUPPORTED_PLATFORMS = "iphoneos iphonesimulator macosx";
				SWIFT_EMIT_LOC_STRINGS = NO;
				SWIFT_VERSION = 5.0;
				TARGETED_DEVICE_FAMILY = "1,2";
				TEST_TARGET_NAME = Ping;
				VERSIONING_SYSTEM = "apple-generic";
			};
			name = Release;
		};
/* End XCBuildConfiguration section */

/* Begin XCConfigurationList section */
		66D2123D2AEA905600A2C4CE /* Build configuration list for PBXProject "Ping" */ = {
			isa = XCConfigurationList;
			buildConfigurations = (
				66D212672AEA905600A2C4CE /* Debug */,
				66D212682AEA905600A2C4CE /* Release */,
			);
			defaultConfigurationIsVisible = 0;
			defaultConfigurationName = Release;
		};
		66D212692AEA905600A2C4CE /* Build configuration list for PBXNativeTarget "Ping" */ = {
			isa = XCConfigurationList;
			buildConfigurations = (
				66D2126A2AEA905600A2C4CE /* Debug */,
				66D2126B2AEA905600A2C4CE /* Release */,
			);
			defaultConfigurationIsVisible = 0;
			defaultConfigurationName = Release;
		};
		66D2126C2AEA905600A2C4CE /* Build configuration list for PBXNativeTarget "PingTests" */ = {
			isa = XCConfigurationList;
			buildConfigurations = (
				66D2126D2AEA905600A2C4CE /* Debug */,
				66D2126E2AEA905600A2C4CE /* Release */,
			);
			defaultConfigurationIsVisible = 0;
			defaultConfigurationName = Release;
		};
		66D2126F2AEA905600A2C4CE /* Build configuration list for PBXNativeTarget "PingUITests" */ = {
			isa = XCConfigurationList;
			buildConfigurations = (
				66D212702AEA905600A2C4CE /* Debug */,
				66D212712AEA905600A2C4CE /* Release */,
			);
			defaultConfigurationIsVisible = 0;
			defaultConfigurationName = Release;
		};
/* End XCConfigurationList section */

/* Begin XCSwiftPackageProductDependency section */
		66CC7C212AEBCDAC007BADF2 /* PingKit */ = {
			isa = XCSwiftPackageProductDependency;
			productName = PingKit;
		};
/* End XCSwiftPackageProductDependency section */
	};
	rootObject = 66D2123A2AEA905600A2C4CE /* Project object */;
}
